// !$*UTF8*$!
{
	archiveVersion = 1;
	classes = {
	};
	objectVersion = 50;
	objects = {

/* Begin PBXBuildFile section */
		ECE9A605219D319700033492 /* LZContactItem.m in Sources */ = {isa = PBXBuildFile; fileRef = ECE9A5E1219D319700033492 /* LZContactItem.m */; };
		ECE9A606219D319700033492 /* LZContactVC.xib in Resources */ = {isa = PBXBuildFile; fileRef = ECE9A5E5219D319700033492 /* LZContactVC.xib */; };
		ECE9A607219D319700033492 /* LZContactVC.m in Sources */ = {isa = PBXBuildFile; fileRef = ECE9A5E7219D319700033492 /* LZContactVC.m */; };
		ECE9A608219D319700033492 /* main.m in Sources */ = {isa = PBXBuildFile; fileRef = ECE9A5EA219D319700033492 /* main.m */; };
		ECE9A609219D319700033492 /* AppDelegate.m in Sources */ = {isa = PBXBuildFile; fileRef = ECE9A5EB219D319700033492 /* AppDelegate.m */; };
		ECE9A60A219D319700033492 /* LZEditVC.m in Sources */ = {isa = PBXBuildFile; fileRef = ECE9A5F0219D319700033492 /* LZEditVC.m */; };
		ECE9A60B219D319700033492 /* LZEditVC.xib in Resources */ = {isa = PBXBuildFile; fileRef = ECE9A5F1219D319700033492 /* LZEditVC.xib */; };
		ECE9A60C219D319700033492 /* LZAddContactVC.xib in Resources */ = {isa = PBXBuildFile; fileRef = ECE9A5F8219D319700033492 /* LZAddContactVC.xib */; };
		ECE9A60D219D319700033492 /* LZAddContactVC.m in Sources */ = {isa = PBXBuildFile; fileRef = ECE9A5F9219D319700033492 /* LZAddContactVC.m */; };
		ECE9A60E219D319700033492 /* MBProgressHUD.m in Sources */ = {isa = PBXBuildFile; fileRef = ECE9A5FC219D319700033492 /* MBProgressHUD.m */; };
		ECE9A60F219D319700033492 /* LZLoginViewController.xib in Resources */ = {isa = PBXBuildFile; fileRef = ECE9A600219D319700033492 /* LZLoginViewController.xib */; };
		ECE9A610219D319700033492 /* LZLoginViewController.m in Sources */ = {isa = PBXBuildFile; fileRef = ECE9A601219D319700033492 /* LZLoginViewController.m */; };
		ECE9A614219D323300033492 /* LZContactCell.m in Sources */ = {isa = PBXBuildFile; fileRef = ECE9A612219D323300033492 /* LZContactCell.m */; };
		ECE9A615219D323300033492 /* LZContactCell.xib in Resources */ = {isa = PBXBuildFile; fileRef = ECE9A613219D323300033492 /* LZContactCell.xib */; };
		ECECCB8A219D18F4008E7A29 /* Main.storyboard in Resources */ = {isa = PBXBuildFile; fileRef = ECECCB88219D18F4008E7A29 /* Main.storyboard */; };
		ECECCB8C219D18F5008E7A29 /* Assets.xcassets in Resources */ = {isa = PBXBuildFile; fileRef = ECECCB8B219D18F5008E7A29 /* Assets.xcassets */; };
		ECECCB8F219D18F5008E7A29 /* LaunchScreen.storyboard in Resources */ = {isa = PBXBuildFile; fileRef = ECECCB8D219D18F5008E7A29 /* LaunchScreen.storyboard */; };
/* End PBXBuildFile section */

/* Begin PBXFileReference section */
		ECE9A5E1219D319700033492 /* LZContactItem.m */ = {isa = PBXFileReference; fileEncoding = 4; lastKnownFileType = sourcecode.c.objc; path = LZContactItem.m; sourceTree = "<group>"; };
		ECE9A5E2219D319700033492 /* LZContactItem.h */ = {isa = PBXFileReference; fileEncoding = 4; lastKnownFileType = sourcecode.c.h; path = LZContactItem.h; sourceTree = "<group>"; };
		ECE9A5E5219D319700033492 /* LZContactVC.xib */ = {isa = PBXFileReference; fileEncoding = 4; lastKnownFileType = file.xib; path = LZContactVC.xib; sourceTree = "<group>"; };
		ECE9A5E6219D319700033492 /* LZContactVC.h */ = {isa = PBXFileReference; fileEncoding = 4; lastKnownFileType = sourcecode.c.h; path = LZContactVC.h; sourceTree = "<group>"; };
		ECE9A5E7219D319700033492 /* LZContactVC.m */ = {isa = PBXFileReference; fileEncoding = 4; lastKnownFileType = sourcecode.c.objc; path = LZContactVC.m; sourceTree = "<group>"; };
		ECE9A5E9219D319700033492 /* AppDelegate.h */ = {isa = PBXFileReference; fileEncoding = 4; lastKnownFileType = sourcecode.c.h; path = AppDelegate.h; sourceTree = "<group>"; };
		ECE9A5EA219D319700033492 /* main.m */ = {isa = PBXFileReference; fileEncoding = 4; lastKnownFileType = sourcecode.c.objc; path = main.m; sourceTree = "<group>"; };
		ECE9A5EB219D319700033492 /* AppDelegate.m */ = {isa = PBXFileReference; fileEncoding = 4; lastKnownFileType = sourcecode.c.objc; path = AppDelegate.m; sourceTree = "<group>"; };
		ECE9A5F0219D319700033492 /* LZEditVC.m */ = {isa = PBXFileReference; fileEncoding = 4; lastKnownFileType = sourcecode.c.objc; path = LZEditVC.m; sourceTree = "<group>"; };
		ECE9A5F1219D319700033492 /* LZEditVC.xib */ = {isa = PBXFileReference; fileEncoding = 4; lastKnownFileType = file.xib; path = LZEditVC.xib; sourceTree = "<group>"; };
		ECE9A5F2219D319700033492 /* LZEditVC.h */ = {isa = PBXFileReference; fileEncoding = 4; lastKnownFileType = sourcecode.c.h; path = LZEditVC.h; sourceTree = "<group>"; };
		ECE9A5F7219D319700033492 /* LZAddContactVC.h */ = {isa = PBXFileReference; fileEncoding = 4; lastKnownFileType = sourcecode.c.h; path = LZAddContactVC.h; sourceTree = "<group>"; };
		ECE9A5F8219D319700033492 /* LZAddContactVC.xib */ = {isa = PBXFileReference; fileEncoding = 4; lastKnownFileType = file.xib; path = LZAddContactVC.xib; sourceTree = "<group>"; };
		ECE9A5F9219D319700033492 /* LZAddContactVC.m */ = {isa = PBXFileReference; fileEncoding = 4; lastKnownFileType = sourcecode.c.objc; path = LZAddContactVC.m; sourceTree = "<group>"; };
		ECE9A5FC219D319700033492 /* MBProgressHUD.m */ = {isa = PBXFileReference; fileEncoding = 4; lastKnownFileType = sourcecode.c.objc; path = MBProgressHUD.m; sourceTree = "<group>"; };
		ECE9A5FD219D319700033492 /* MBProgressHUD.h */ = {isa = PBXFileReference; fileEncoding = 4; lastKnownFileType = sourcecode.c.h; path = MBProgressHUD.h; sourceTree = "<group>"; };
		ECE9A600219D319700033492 /* LZLoginViewController.xib */ = {isa = PBXFileReference; fileEncoding = 4; lastKnownFileType = file.xib; path = LZLoginViewController.xib; sourceTree = "<group>"; };
		ECE9A601219D319700033492 /* LZLoginViewController.m */ = {isa = PBXFileReference; fileEncoding = 4; lastKnownFileType = sourcecode.c.objc; path = LZLoginViewController.m; sourceTree = "<group>"; };
		ECE9A602219D319700033492 /* LZLoginViewController.h */ = {isa = PBXFileReference; fileEncoding = 4; lastKnownFileType = sourcecode.c.h; path = LZLoginViewController.h; sourceTree = "<group>"; };
		ECE9A611219D323300033492 /* LZContactCell.h */ = {isa = PBXFileReference; lastKnownFileType = sourcecode.c.h; path = LZContactCell.h; sourceTree = "<group>"; };
		ECE9A612219D323300033492 /* LZContactCell.m */ = {isa = PBXFileReference; lastKnownFileType = sourcecode.c.objc; path = LZContactCell.m; sourceTree = "<group>"; };
		ECE9A613219D323300033492 /* LZContactCell.xib */ = {isa = PBXFileReference; lastKnownFileType = file.xib; path = LZContactCell.xib; sourceTree = "<group>"; };
		ECECCB7F219D18F4008E7A29 /* 纯代码实现通讯录.app */ = {isa = PBXFileReference; explicitFileType = wrapper.application; includeInIndex = 0; path = "纯代码实现通讯录.app"; sourceTree = BUILT_PRODUCTS_DIR; };
		ECECCB89219D18F4008E7A29 /* Base */ = {isa = PBXFileReference; lastKnownFileType = file.storyboard; name = Base; path = Base.lproj/Main.storyboard; sourceTree = "<group>"; };
		ECECCB8B219D18F5008E7A29 /* Assets.xcassets */ = {isa = PBXFileReference; lastKnownFileType = folder.assetcatalog; path = Assets.xcassets; sourceTree = "<group>"; };
		ECECCB8E219D18F5008E7A29 /* Base */ = {isa = PBXFileReference; lastKnownFileType = file.storyboard; name = Base; path = Base.lproj/LaunchScreen.storyboard; sourceTree = "<group>"; };
		ECECCB90219D18F5008E7A29 /* Info.plist */ = {isa = PBXFileReference; lastKnownFileType = text.plist.xml; path = Info.plist; sourceTree = "<group>"; };
/* End PBXFileReference section */

/* Begin PBXFrameworksBuildPhase section */
		ECECCB7C219D18F4008E7A29 /* Frameworks */ = {
			isa = PBXFrameworksBuildPhase;
			buildActionMask = 2147483647;
			files = (
			);
			runOnlyForDeploymentPostprocessing = 0;
		};
/* End PBXFrameworksBuildPhase section */

/* Begin PBXGroup section */
		ECE9A5DE219D319700033492 /* Classes */ = {
			isa = PBXGroup;
			children = (
				ECE9A5FE219D319700033492 /* Login */,
				ECE9A5DF219D319700033492 /* Contact */,
				ECE9A5F3219D319700033492 /* Add */,
				ECE9A5EC219D319700033492 /* Edit */,
				ECE9A5E8219D319700033492 /* Other */,
				ECE9A5FA219D319700033492 /* lib */,
			);
			path = Classes;
			sourceTree = "<group>";
		};
		ECE9A5DF219D319700033492 /* Contact */ = {
			isa = PBXGroup;
			children = (
				ECE9A5E0219D319700033492 /* Model */,
				ECE9A5E3219D319700033492 /* View */,
				ECE9A5E4219D319700033492 /* Viewcontroller */,
			);
			path = Contact;
			sourceTree = "<group>";
		};
		ECE9A5E0219D319700033492 /* Model */ = {
			isa = PBXGroup;
			children = (
				ECE9A5E1219D319700033492 /* LZContactItem.m */,
				ECE9A5E2219D319700033492 /* LZContactItem.h */,
			);
			path = Model;
			sourceTree = "<group>";
		};
		ECE9A5E3219D319700033492 /* View */ = {
			isa = PBXGroup;
			children = (
				ECE9A611219D323300033492 /* LZContactCell.h */,
				ECE9A612219D323300033492 /* LZContactCell.m */,
				ECE9A613219D323300033492 /* LZContactCell.xib */,
			);
			path = View;
			sourceTree = "<group>";
		};
		ECE9A5E4219D319700033492 /* Viewcontroller */ = {
			isa = PBXGroup;
			children = (
				ECE9A5E6219D319700033492 /* LZContactVC.h */,
				ECE9A5E7219D319700033492 /* LZContactVC.m */,
				ECE9A5E5219D319700033492 /* LZContactVC.xib */,
			);
			path = Viewcontroller;
			sourceTree = "<group>";
		};
		ECE9A5E8219D319700033492 /* Other */ = {
			isa = PBXGroup;
			children = (
				ECE9A5E9219D319700033492 /* AppDelegate.h */,
				ECE9A5EA219D319700033492 /* main.m */,
				ECE9A5EB219D319700033492 /* AppDelegate.m */,
			);
			path = Other;
			sourceTree = "<group>";
		};
		ECE9A5EC219D319700033492 /* Edit */ = {
			isa = PBXGroup;
			children = (
				ECE9A5ED219D319700033492 /* Model */,
				ECE9A5EE219D319700033492 /* View */,
				ECE9A5EF219D319700033492 /* Viewcontroller */,
			);
			path = Edit;
			sourceTree = "<group>";
		};
		ECE9A5ED219D319700033492 /* Model */ = {
			isa = PBXGroup;
			children = (
			);
			path = Model;
			sourceTree = "<group>";
		};
		ECE9A5EE219D319700033492 /* View */ = {
			isa = PBXGroup;
			children = (
			);
			path = View;
			sourceTree = "<group>";
		};
		ECE9A5EF219D319700033492 /* Viewcontroller */ = {
			isa = PBXGroup;
			children = (
				ECE9A5F2219D319700033492 /* LZEditVC.h */,
				ECE9A5F0219D319700033492 /* LZEditVC.m */,
				ECE9A5F1219D319700033492 /* LZEditVC.xib */,
			);
			path = Viewcontroller;
			sourceTree = "<group>";
		};
		ECE9A5F3219D319700033492 /* Add */ = {
			isa = PBXGroup;
			children = (
				ECE9A5F4219D319700033492 /* Model */,
				ECE9A5F5219D319700033492 /* View */,
				ECE9A5F6219D319700033492 /* Viewcontroller */,
			);
			path = Add;
			sourceTree = "<group>";
		};
		ECE9A5F4219D319700033492 /* Model */ = {
			isa = PBXGroup;
			children = (
			);
			path = Model;
			sourceTree = "<group>";
		};
		ECE9A5F5219D319700033492 /* View */ = {
			isa = PBXGroup;
			children = (
			);
			path = View;
			sourceTree = "<group>";
		};
		ECE9A5F6219D319700033492 /* Viewcontroller */ = {
			isa = PBXGroup;
			children = (
				ECE9A5F7219D319700033492 /* LZAddContactVC.h */,
				ECE9A5F8219D319700033492 /* LZAddContactVC.xib */,
				ECE9A5F9219D319700033492 /* LZAddContactVC.m */,
			);
			path = Viewcontroller;
			sourceTree = "<group>";
		};
		ECE9A5FA219D319700033492 /* lib */ = {
			isa = PBXGroup;
			children = (
				ECE9A5FB219D319700033492 /* MBProgressHUD */,
			);
			path = lib;
			sourceTree = "<group>";
		};
		ECE9A5FB219D319700033492 /* MBProgressHUD */ = {
			isa = PBXGroup;
			children = (
				ECE9A5FC219D319700033492 /* MBProgressHUD.m */,
				ECE9A5FD219D319700033492 /* MBProgressHUD.h */,
			);
			path = MBProgressHUD;
			sourceTree = "<group>";
		};
		ECE9A5FE219D319700033492 /* Login */ = {
			isa = PBXGroup;
			children = (
				ECE9A5FF219D319700033492 /* Controller */,
				ECE9A603219D319700033492 /* Model */,
				ECE9A604219D319700033492 /* View */,
			);
			path = Login;
			sourceTree = "<group>";
		};
		ECE9A5FF219D319700033492 /* Controller */ = {
			isa = PBXGroup;
			children = (
				ECE9A602219D319700033492 /* LZLoginViewController.h */,
				ECE9A601219D319700033492 /* LZLoginViewController.m */,
				ECE9A600219D319700033492 /* LZLoginViewController.xib */,
			);
			path = Controller;
			sourceTree = "<group>";
		};
		ECE9A603219D319700033492 /* Model */ = {
			isa = PBXGroup;
			children = (
			);
			path = Model;
			sourceTree = "<group>";
		};
		ECE9A604219D319700033492 /* View */ = {
			isa = PBXGroup;
			children = (
			);
			path = View;
			sourceTree = "<group>";
		};
		ECECCB76219D18F4008E7A29 = {
			isa = PBXGroup;
			children = (
				ECECCB81219D18F4008E7A29 /* 纯代码实现通讯录 */,
				ECECCB80219D18F4008E7A29 /* Products */,
			);
			sourceTree = "<group>";
		};
		ECECCB80219D18F4008E7A29 /* Products */ = {
			isa = PBXGroup;
			children = (
				ECECCB7F219D18F4008E7A29 /* 纯代码实现通讯录.app */,
			);
			name = Products;
			sourceTree = "<group>";
		};
		ECECCB81219D18F4008E7A29 /* 纯代码实现通讯录 */ = {
			isa = PBXGroup;
			children = (
				ECE9A5DE219D319700033492 /* Classes */,
				ECECCB88219D18F4008E7A29 /* Main.storyboard */,
				ECECCB8B219D18F5008E7A29 /* Assets.xcassets */,
				ECECCB8D219D18F5008E7A29 /* LaunchScreen.storyboard */,
				ECECCB90219D18F5008E7A29 /* Info.plist */,
			);
			path = "纯代码实现通讯录";
			sourceTree = "<group>";
		};
/* End PBXGroup section */

/* Begin PBXNativeTarget section */
		ECECCB7E219D18F4008E7A29 /* 纯代码实现通讯录 */ = {
			isa = PBXNativeTarget;
			buildConfigurationList = ECECCB95219D18F5008E7A29 /* Build configuration list for PBXNativeTarget "纯代码实现通讯录" */;
			buildPhases = (
				ECECCB7B219D18F4008E7A29 /* Sources */,
				ECECCB7C219D18F4008E7A29 /* Frameworks */,
				ECECCB7D219D18F4008E7A29 /* Resources */,
			);
			buildRules = (
			);
			dependencies = (
			);
			name = "纯代码实现通讯录";
			productName = "纯代码实现通讯录";
			productReference = ECECCB7F219D18F4008E7A29 /* 纯代码实现通讯录.app */;
			productType = "com.apple.product-type.application";
		};
/* End PBXNativeTarget section */

/* Begin PBXProject section */
		ECECCB77219D18F4008E7A29 /* Project object */ = {
			isa = PBXProject;
			attributes = {
				CLASSPREFIX = LZ;
				LastUpgradeCheck = 1010;
				ORGANIZATIONNAME = LZ;
				TargetAttributes = {
					ECECCB7E219D18F4008E7A29 = {
						CreatedOnToolsVersion = 10.1;
					};
				};
			};
			buildConfigurationList = ECECCB7A219D18F4008E7A29 /* Build configuration list for PBXProject "纯代码实现通讯录" */;
			compatibilityVersion = "Xcode 9.3";
			developmentRegion = en;
			hasScannedForEncodings = 0;
			knownRegions = (
				en,
				Base,
			);
			mainGroup = ECECCB76219D18F4008E7A29;
			productRefGroup = ECECCB80219D18F4008E7A29 /* Products */;
			projectDirPath = "";
			projectRoot = "";
			targets = (
				ECECCB7E219D18F4008E7A29 /* 纯代码实现通讯录 */,
			);
		};
/* End PBXProject section */

/* Begin PBXResourcesBuildPhase section */
		ECECCB7D219D18F4008E7A29 /* Resources */ = {
			isa = PBXResourcesBuildPhase;
			buildActionMask = 2147483647;
			files = (
				ECECCB8F219D18F5008E7A29 /* LaunchScreen.storyboard in Resources */,
				ECE9A60C219D319700033492 /* LZAddContactVC.xib in Resources */,
				ECECCB8C219D18F5008E7A29 /* Assets.xcassets in Resources */,
				ECECCB8A219D18F4008E7A29 /* Main.storyboard in Resources */,
				ECE9A615219D323300033492 /* LZContactCell.xib in Resources */,
				ECE9A60F219D319700033492 /* LZLoginViewController.xib in Resources */,
				ECE9A606219D319700033492 /* LZContactVC.xib in Resources */,
				ECE9A60B219D319700033492 /* LZEditVC.xib in Resources */,
			);
			runOnlyForDeploymentPostprocessing = 0;
		};
/* End PBXResourcesBuildPhase section */

/* Begin PBXSourcesBuildPhase section */
		ECECCB7B219D18F4008E7A29 /* Sources */ = {
			isa = PBXSourcesBuildPhase;
			buildActionMask = 2147483647;
			files = (
				ECE9A614219D323300033492 /* LZContactCell.m in Sources */,
				ECE9A610219D319700033492 /* LZLoginViewController.m in Sources */,
				ECE9A609219D319700033492 /* AppDelegate.m in Sources */,
				ECE9A60D219D319700033492 /* LZAddContactVC.m in Sources */,
				ECE9A605219D319700033492 /* LZContactItem.m in Sources */,
				ECE9A60A219D319700033492 /* LZEditVC.m in Sources */,
				ECE9A608219D319700033492 /* main.m in Sources */,
				ECE9A607219D319700033492 /* LZContactVC.m in Sources */,
				ECE9A60E219D319700033492 /* MBProgressHUD.m in Sources */,
			);
			runOnlyForDeploymentPostprocessing = 0;
		};
/* End PBXSourcesBuildPhase section */

/* Begin PBXVariantGroup section */
		ECECCB88219D18F4008E7A29 /* Main.storyboard */ = {
			isa = PBXVariantGroup;
			children = (
				ECECCB89219D18F4008E7A29 /* Base */,
			);
			name = Main.storyboard;
			sourceTree = "<group>";
		};
		ECECCB8D219D18F5008E7A29 /* LaunchScreen.storyboard */ = {
			isa = PBXVariantGroup;
			children = (
				ECECCB8E219D18F5008E7A29 /* Base */,
			);
			name = LaunchScreen.storyboard;
			sourceTree = "<group>";
		};
/* End PBXVariantGroup section */

/* Begin XCBuildConfiguration section */
		ECECCB93219D18F5008E7A29 /* Debug */ = {
			isa = XCBuildConfiguration;
			buildSettings = {
				ALWAYS_SEARCH_USER_PATHS = NO;
				CLANG_ANALYZER_NONNULL = YES;
				CLANG_ANALYZER_NUMBER_OBJECT_CONVERSION = YES_AGGRESSIVE;
				CLANG_CXX_LANGUAGE_STANDARD = "gnu++14";
				CLANG_CXX_LIBRARY = "libc++";
				CLANG_ENABLE_MODULES = YES;
				CLANG_ENABLE_OBJC_ARC = YES;
				CLANG_ENABLE_OBJC_WEAK = YES;
				CLANG_WARN_BLOCK_CAPTURE_AUTORELEASING = YES;
				CLANG_WARN_BOOL_CONVERSION = YES;
				CLANG_WARN_COMMA = YES;
				CLANG_WARN_CONSTANT_CONVERSION = YES;
				CLANG_WARN_DEPRECATED_OBJC_IMPLEMENTATIONS = YES;
				CLANG_WARN_DIRECT_OBJC_ISA_USAGE = YES_ERROR;
				CLANG_WARN_DOCUMENTATION_COMMENTS = YES;
				CLANG_WARN_EMPTY_BODY = YES;
				CLANG_WARN_ENUM_CONVERSION = YES;
				CLANG_WARN_INFINITE_RECURSION = YES;
				CLANG_WARN_INT_CONVERSION = YES;
				CLANG_WARN_NON_LITERAL_NULL_CONVERSION = YES;
				CLANG_WARN_OBJC_IMPLICIT_RETAIN_SELF = YES;
				CLANG_WARN_OBJC_LITERAL_CONVERSION = YES;
				CLANG_WARN_OBJC_ROOT_CLASS = YES_ERROR;
				CLANG_WARN_RANGE_LOOP_ANALYSIS = YES;
				CLANG_WARN_STRICT_PROTOTYPES = YES;
				CLANG_WARN_SUSPICIOUS_MOVE = YES;
				CLANG_WARN_UNGUARDED_AVAILABILITY = YES_AGGRESSIVE;
				CLANG_WARN_UNREACHABLE_CODE = YES;
				CLANG_WARN__DUPLICATE_METHOD_MATCH = YES;
				CODE_SIGN_IDENTITY = "iPhone Developer";
				COPY_PHASE_STRIP = NO;
				DEBUG_INFORMATION_FORMAT = dwarf;
				ENABLE_STRICT_OBJC_MSGSEND = YES;
				ENABLE_TESTABILITY = YES;
				GCC_C_LANGUAGE_STANDARD = gnu11;
				GCC_DYNAMIC_NO_PIC = NO;
				GCC_NO_COMMON_BLOCKS = YES;
				GCC_OPTIMIZATION_LEVEL = 0;
				GCC_PREPROCESSOR_DEFINITIONS = (
					"DEBUG=1",
					"$(inherited)",
				);
				GCC_WARN_64_TO_32_BIT_CONVERSION = YES;
				GCC_WARN_ABOUT_RETURN_TYPE = YES_ERROR;
				GCC_WARN_UNDECLARED_SELECTOR = YES;
				GCC_WARN_UNINITIALIZED_AUTOS = YES_AGGRESSIVE;
				GCC_WARN_UNUSED_FUNCTION = YES;
				GCC_WARN_UNUSED_VARIABLE = YES;
				IPHONEOS_DEPLOYMENT_TARGET = 12.1;
				MTL_ENABLE_DEBUG_INFO = INCLUDE_SOURCE;
				MTL_FAST_MATH = YES;
				ONLY_ACTIVE_ARCH = YES;
				SDKROOT = iphoneos;
			};
			name = Debug;
		};
		ECECCB94219D18F5008E7A29 /* Release */ = {
			isa = XCBuildConfiguration;
			buildSettings = {
				ALWAYS_SEARCH_USER_PATHS = NO;
				CLANG_ANALYZER_NONNULL = YES;
				CLANG_ANALYZER_NUMBER_OBJECT_CONVERSION = YES_AGGRESSIVE;
				CLANG_CXX_LANGUAGE_STANDARD = "gnu++14";
				CLANG_CXX_LIBRARY = "libc++";
				CLANG_ENABLE_MODULES = YES;
				CLANG_ENABLE_OBJC_ARC = YES;
				CLANG_ENABLE_OBJC_WEAK = YES;
				CLANG_WARN_BLOCK_CAPTURE_AUTORELEASING = YES;
				CLANG_WARN_BOOL_CONVERSION = YES;
				CLANG_WARN_COMMA = YES;
				CLANG_WARN_CONSTANT_CONVERSION = YES;
				CLANG_WARN_DEPRECATED_OBJC_IMPLEMENTATIONS = YES;
				CLANG_WARN_DIRECT_OBJC_ISA_USAGE = YES_ERROR;
				CLANG_WARN_DOCUMENTATION_COMMENTS = YES;
				CLANG_WARN_EMPTY_BODY = YES;
				CLANG_WARN_ENUM_CONVERSION = YES;
				CLANG_WARN_INFINITE_RECURSION = YES;
				CLANG_WARN_INT_CONVERSION = YES;
				CLANG_WARN_NON_LITERAL_NULL_CONVERSION = YES;
				CLANG_WARN_OBJC_IMPLICIT_RETAIN_SELF = YES;
				CLANG_WARN_OBJC_LITERAL_CONVERSION = YES;
				CLANG_WARN_OBJC_ROOT_CLASS = YES_ERROR;
				CLANG_WARN_RANGE_LOOP_ANALYSIS = YES;
				CLANG_WARN_STRICT_PROTOTYPES = YES;
				CLANG_WARN_SUSPICIOUS_MOVE = YES;
				CLANG_WARN_UNGUARDED_AVAILABILITY = YES_AGGRESSIVE;
				CLANG_WARN_UNREACHABLE_CODE = YES;
				CLANG_WARN__DUPLICATE_METHOD_MATCH = YES;
				CODE_SIGN_IDENTITY = "iPhone Developer";
				COPY_PHASE_STRIP = NO;
				DEBUG_INFORMATION_FORMAT = "dwarf-with-dsym";
				ENABLE_NS_ASSERTIONS = NO;
				ENABLE_STRICT_OBJC_MSGSEND = YES;
				GCC_C_LANGUAGE_STANDARD = gnu11;
				GCC_NO_COMMON_BLOCKS = YES;
				GCC_WARN_64_TO_32_BIT_CONVERSION = YES;
				GCC_WARN_ABOUT_RETURN_TYPE = YES_ERROR;
				GCC_WARN_UNDECLARED_SELECTOR = YES;
				GCC_WARN_UNINITIALIZED_AUTOS = YES_AGGRESSIVE;
				GCC_WARN_UNUSED_FUNCTION = YES;
				GCC_WARN_UNUSED_VARIABLE = YES;
				IPHONEOS_DEPLOYMENT_TARGET = 12.1;
				MTL_ENABLE_DEBUG_INFO = NO;
				MTL_FAST_MATH = YES;
				SDKROOT = iphoneos;
				VALIDATE_PRODUCT = YES;
			};
			name = Release;
		};
		ECECCB96219D18F5008E7A29 /* Debug */ = {
			isa = XCBuildConfiguration;
			buildSettings = {
				ASSETCATALOG_COMPILER_APPICON_NAME = AppIcon;
				CODE_SIGN_STYLE = Automatic;
				DEVELOPMENT_TEAM = PXKRS4XWUT;
				INFOPLIST_FILE = "纯代码实现通讯录/Info.plist";
				LD_RUNPATH_SEARCH_PATHS = (
					"$(inherited)",
					"@executable_path/Frameworks",
				);
				PRODUCT_BUNDLE_IDENTIFIER = "cn.wdq.--------";
				PRODUCT_NAME = "$(TARGET_NAME)";
				TARGETED_DEVICE_FAMILY = "1,2";
			};
			name = Debug;
		};
		ECECCB97219D18F5008E7A29 /* Release */ = {
			isa = XCBuildConfiguration;
			buildSettings = {
				ASSETCATALOG_COMPILER_APPICON_NAME = AppIcon;
				CODE_SIGN_STYLE = Automatic;
				DEVELOPMENT_TEAM = PXKRS4XWUT;
				INFOPLIST_FILE = "纯代码实现通讯录/Info.plist";
				LD_RUNPATH_SEARCH_PATHS = (
					"$(inherited)",
					"@executable_path/Frameworks",
				);
				PRODUCT_BUNDLE_IDENTIFIER = "cn.wdq.--------";
				PRODUCT_NAME = "$(TARGET_NAME)";
				TARGETED_DEVICE_FAMILY = "1,2";
			};
			name = Release;
		};
/* End XCBuildConfiguration section */

/* Begin XCConfigurationList section */
		ECECCB7A219D18F4008E7A29 /* Build configuration list for PBXProject "纯代码实现通讯录" */ = {
			isa = XCConfigurationList;
			buildConfigurations = (
				ECECCB93219D18F5008E7A29 /* Debug */,
				ECECCB94219D18F5008E7A29 /* Release */,
			);
			defaultConfigurationIsVisible = 0;
			defaultConfigurationName = Release;
		};
		ECECCB95219D18F5008E7A29 /* Build configuration list for PBXNativeTarget "纯代码实现通讯录" */ = {
			isa = XCConfigurationList;
			buildConfigurations = (
				ECECCB96219D18F5008E7A29 /* Debug */,
				ECECCB97219D18F5008E7A29 /* Release */,
			);
			defaultConfigurationIsVisible = 0;
			defaultConfigurationName = Release;
		};
/* End XCConfigurationList section */
	};
	rootObject = ECECCB77219D18F4008E7A29 /* Project object */;
}
