// !$*UTF8*$!
{
	archiveVersion = 1;
	classes = {
	};
	objectVersion = 50;
	objects = {

/* Begin PBXBuildFile section */
		ECA80D942199EACD003F3F88 /* AppDelegate.m in Sources */ = {isa = PBXBuildFile; fileRef = ECA80D932199EACD003F3F88 /* AppDelegate.m */; };
		ECA80D972199EACD003F3F88 /* ViewController.m in Sources */ = {isa = PBXBuildFile; fileRef = ECA80D962199EACD003F3F88 /* ViewController.m */; };
		ECA80D9A2199EACD003F3F88 /* Main.storyboard in Resources */ = {isa = PBXBuildFile; fileRef = ECA80D982199EACD003F3F88 /* Main.storyboard */; };
		ECA80D9C2199EACD003F3F88 /* Assets.xcassets in Resources */ = {isa = PBXBuildFile; fileRef = ECA80D9B2199EACD003F3F88 /* Assets.xcassets */; };
		ECA80D9F2199EACD003F3F88 /* LaunchScreen.storyboard in Resources */ = {isa = PBXBuildFile; fileRef = ECA80D9D2199EACD003F3F88 /* LaunchScreen.storyboard */; };
		ECA80DA22199EACD003F3F88 /* main.m in Sources */ = {isa = PBXBuildFile; fileRef = ECA80DA12199EACD003F3F88 /* main.m */; };
		ECA80DAB219A7542003F3F88 /* LZFlagTextF.m in Sources */ = {isa = PBXBuildFile; fileRef = ECA80DAA219A7542003F3F88 /* LZFlagTextF.m */; };
		ECA80DAE219A774B003F3F88 /* LZFlagItem.m in Sources */ = {isa = PBXBuildFile; fileRef = ECA80DAD219A774B003F3F88 /* LZFlagItem.m */; };
		ECA80DB7219A7866003F3F88 /* 1.jpeg in Resources */ = {isa = PBXBuildFile; fileRef = ECA80DB0219A7866003F3F88 /* 1.jpeg */; };
		ECA80DB8219A7866003F3F88 /* 6.jpeg in Resources */ = {isa = PBXBuildFile; fileRef = ECA80DB1219A7866003F3F88 /* 6.jpeg */; };
		ECA80DB9219A7866003F3F88 /* 7.jpeg in Resources */ = {isa = PBXBuildFile; fileRef = ECA80DB2219A7866003F3F88 /* 7.jpeg */; };
		ECA80DBA219A7866003F3F88 /* 4.jpeg in Resources */ = {isa = PBXBuildFile; fileRef = ECA80DB3219A7866003F3F88 /* 4.jpeg */; };
		ECA80DBB219A7866003F3F88 /* 5.jpeg in Resources */ = {isa = PBXBuildFile; fileRef = ECA80DB4219A7866003F3F88 /* 5.jpeg */; };
		ECA80DBC219A7866003F3F88 /* 2.jpeg in Resources */ = {isa = PBXBuildFile; fileRef = ECA80DB5219A7866003F3F88 /* 2.jpeg */; };
		ECA80DBD219A7866003F3F88 /* 3.jpeg in Resources */ = {isa = PBXBuildFile; fileRef = ECA80DB6219A7866003F3F88 /* 3.jpeg */; };
		ECA80DBF219A788C003F3F88 /* flags.plist in Resources */ = {isa = PBXBuildFile; fileRef = ECA80DBE219A788C003F3F88 /* flags.plist */; };
		ECA80DC2219A7A1D003F3F88 /* LZFlagView.m in Sources */ = {isa = PBXBuildFile; fileRef = ECA80DC1219A7A1D003F3F88 /* LZFlagView.m */; };
		ECA80DC4219A7A29003F3F88 /* LZFlagView.xib in Resources */ = {isa = PBXBuildFile; fileRef = ECA80DC3219A7A29003F3F88 /* LZFlagView.xib */; };
/* End PBXBuildFile section */

/* Begin PBXFileReference section */
		ECA80D8F2199EACD003F3F88 /* 拦截用户输入.app */ = {isa = PBXFileReference; explicitFileType = wrapper.application; includeInIndex = 0; path = "拦截用户输入.app"; sourceTree = BUILT_PRODUCTS_DIR; };
		ECA80D922199EACD003F3F88 /* AppDelegate.h */ = {isa = PBXFileReference; lastKnownFileType = sourcecode.c.h; path = AppDelegate.h; sourceTree = "<group>"; };
		ECA80D932199EACD003F3F88 /* AppDelegate.m */ = {isa = PBXFileReference; lastKnownFileType = sourcecode.c.objc; path = AppDelegate.m; sourceTree = "<group>"; };
		ECA80D952199EACD003F3F88 /* ViewController.h */ = {isa = PBXFileReference; lastKnownFileType = sourcecode.c.h; path = ViewController.h; sourceTree = "<group>"; };
		ECA80D962199EACD003F3F88 /* ViewController.m */ = {isa = PBXFileReference; lastKnownFileType = sourcecode.c.objc; path = ViewController.m; sourceTree = "<group>"; };
		ECA80D992199EACD003F3F88 /* Base */ = {isa = PBXFileReference; lastKnownFileType = file.storyboard; name = Base; path = Base.lproj/Main.storyboard; sourceTree = "<group>"; };
		ECA80D9B2199EACD003F3F88 /* Assets.xcassets */ = {isa = PBXFileReference; lastKnownFileType = folder.assetcatalog; path = Assets.xcassets; sourceTree = "<group>"; };
		ECA80D9E2199EACD003F3F88 /* Base */ = {isa = PBXFileReference; lastKnownFileType = file.storyboard; name = Base; path = Base.lproj/LaunchScreen.storyboard; sourceTree = "<group>"; };
		ECA80DA02199EACD003F3F88 /* Info.plist */ = {isa = PBXFileReference; lastKnownFileType = text.plist.xml; path = Info.plist; sourceTree = "<group>"; };
		ECA80DA12199EACD003F3F88 /* main.m */ = {isa = PBXFileReference; lastKnownFileType = sourcecode.c.objc; path = main.m; sourceTree = "<group>"; };
		ECA80DA9219A7542003F3F88 /* LZFlagTextF.h */ = {isa = PBXFileReference; lastKnownFileType = sourcecode.c.h; path = LZFlagTextF.h; sourceTree = "<group>"; };
		ECA80DAA219A7542003F3F88 /* LZFlagTextF.m */ = {isa = PBXFileReference; lastKnownFileType = sourcecode.c.objc; path = LZFlagTextF.m; sourceTree = "<group>"; };
		ECA80DAC219A774B003F3F88 /* LZFlagItem.h */ = {isa = PBXFileReference; lastKnownFileType = sourcecode.c.h; path = LZFlagItem.h; sourceTree = "<group>"; };
		ECA80DAD219A774B003F3F88 /* LZFlagItem.m */ = {isa = PBXFileReference; lastKnownFileType = sourcecode.c.objc; path = LZFlagItem.m; sourceTree = "<group>"; };
		ECA80DB0219A7866003F3F88 /* 1.jpeg */ = {isa = PBXFileReference; lastKnownFileType = image.jpeg; path = 1.jpeg; sourceTree = "<group>"; };
		ECA80DB1219A7866003F3F88 /* 6.jpeg */ = {isa = PBXFileReference; lastKnownFileType = image.jpeg; path = 6.jpeg; sourceTree = "<group>"; };
		ECA80DB2219A7866003F3F88 /* 7.jpeg */ = {isa = PBXFileReference; lastKnownFileType = image.jpeg; path = 7.jpeg; sourceTree = "<group>"; };
		ECA80DB3219A7866003F3F88 /* 4.jpeg */ = {isa = PBXFileReference; lastKnownFileType = image.jpeg; path = 4.jpeg; sourceTree = "<group>"; };
		ECA80DB4219A7866003F3F88 /* 5.jpeg */ = {isa = PBXFileReference; lastKnownFileType = image.jpeg; path = 5.jpeg; sourceTree = "<group>"; };
		ECA80DB5219A7866003F3F88 /* 2.jpeg */ = {isa = PBXFileReference; lastKnownFileType = image.jpeg; path = 2.jpeg; sourceTree = "<group>"; };
		ECA80DB6219A7866003F3F88 /* 3.jpeg */ = {isa = PBXFileReference; lastKnownFileType = image.jpeg; path = 3.jpeg; sourceTree = "<group>"; };
		ECA80DBE219A788C003F3F88 /* flags.plist */ = {isa = PBXFileReference; lastKnownFileType = text.plist.xml; path = flags.plist; sourceTree = "<group>"; };
		ECA80DC0219A7A1D003F3F88 /* LZFlagView.h */ = {isa = PBXFileReference; lastKnownFileType = sourcecode.c.h; path = LZFlagView.h; sourceTree = "<group>"; };
		ECA80DC1219A7A1D003F3F88 /* LZFlagView.m */ = {isa = PBXFileReference; lastKnownFileType = sourcecode.c.objc; path = LZFlagView.m; sourceTree = "<group>"; };
		ECA80DC3219A7A29003F3F88 /* LZFlagView.xib */ = {isa = PBXFileReference; lastKnownFileType = file.xib; path = LZFlagView.xib; sourceTree = "<group>"; };
/* End PBXFileReference section */

/* Begin PBXFrameworksBuildPhase section */
		ECA80D8C2199EACD003F3F88 /* Frameworks */ = {
			isa = PBXFrameworksBuildPhase;
			buildActionMask = 2147483647;
			files = (
			);
			runOnlyForDeploymentPostprocessing = 0;
		};
/* End PBXFrameworksBuildPhase section */

/* Begin PBXGroup section */
		ECA80D862199EACD003F3F88 = {
			isa = PBXGroup;
			children = (
				ECA80D912199EACD003F3F88 /* 拦截用户输入 */,
				ECA80D902199EACD003F3F88 /* Products */,
			);
			sourceTree = "<group>";
		};
		ECA80D902199EACD003F3F88 /* Products */ = {
			isa = PBXGroup;
			children = (
				ECA80D8F2199EACD003F3F88 /* 拦截用户输入.app */,
			);
			name = Products;
			sourceTree = "<group>";
		};
		ECA80D912199EACD003F3F88 /* 拦截用户输入 */ = {
			isa = PBXGroup;
			children = (
				ECA80DA8219A7513003F3F88 /* FlagTextF */,
				ECA80D922199EACD003F3F88 /* AppDelegate.h */,
				ECA80D932199EACD003F3F88 /* AppDelegate.m */,
				ECA80D952199EACD003F3F88 /* ViewController.h */,
				ECA80D962199EACD003F3F88 /* ViewController.m */,
				ECA80D982199EACD003F3F88 /* Main.storyboard */,
				ECA80D9B2199EACD003F3F88 /* Assets.xcassets */,
				ECA80D9D2199EACD003F3F88 /* LaunchScreen.storyboard */,
				ECA80DA02199EACD003F3F88 /* Info.plist */,
				ECA80DA12199EACD003F3F88 /* main.m */,
			);
			path = "拦截用户输入";
			sourceTree = "<group>";
		};
		ECA80DA8219A7513003F3F88 /* FlagTextF */ = {
			isa = PBXGroup;
			children = (
				ECA80DAF219A7866003F3F88 /* guoqi */,
				ECA80DBE219A788C003F3F88 /* flags.plist */,
				ECA80DA9219A7542003F3F88 /* LZFlagTextF.h */,
				ECA80DAA219A7542003F3F88 /* LZFlagTextF.m */,
				ECA80DAC219A774B003F3F88 /* LZFlagItem.h */,
				ECA80DAD219A774B003F3F88 /* LZFlagItem.m */,
				ECA80DC0219A7A1D003F3F88 /* LZFlagView.h */,
				ECA80DC1219A7A1D003F3F88 /* LZFlagView.m */,
				ECA80DC3219A7A29003F3F88 /* LZFlagView.xib */,
			);
			path = FlagTextF;
			sourceTree = "<group>";
		};
		ECA80DAF219A7866003F3F88 /* guoqi */ = {
			isa = PBXGroup;
			children = (
				ECA80DB0219A7866003F3F88 /* 1.jpeg */,
				ECA80DB1219A7866003F3F88 /* 6.jpeg */,
				ECA80DB2219A7866003F3F88 /* 7.jpeg */,
				ECA80DB3219A7866003F3F88 /* 4.jpeg */,
				ECA80DB4219A7866003F3F88 /* 5.jpeg */,
				ECA80DB5219A7866003F3F88 /* 2.jpeg */,
				ECA80DB6219A7866003F3F88 /* 3.jpeg */,
			);
			path = guoqi;
			sourceTree = "<group>";
		};
/* End PBXGroup section */

/* Begin PBXNativeTarget section */
		ECA80D8E2199EACD003F3F88 /* 拦截用户输入 */ = {
			isa = PBXNativeTarget;
			buildConfigurationList = ECA80DA52199EACD003F3F88 /* Build configuration list for PBXNativeTarget "拦截用户输入" */;
			buildPhases = (
				ECA80D8B2199EACD003F3F88 /* Sources */,
				ECA80D8C2199EACD003F3F88 /* Frameworks */,
				ECA80D8D2199EACD003F3F88 /* Resources */,
			);
			buildRules = (
			);
			dependencies = (
			);
			name = "拦截用户输入";
			productName = "拦截用户输入";
			productReference = ECA80D8F2199EACD003F3F88 /* 拦截用户输入.app */;
			productType = "com.apple.product-type.application";
		};
/* End PBXNativeTarget section */

/* Begin PBXProject section */
		ECA80D872199EACD003F3F88 /* Project object */ = {
			isa = PBXProject;
			attributes = {
				CLASSPREFIX = LZ;
				LastUpgradeCheck = 1010;
				ORGANIZATIONNAME = LZ;
				TargetAttributes = {
					ECA80D8E2199EACD003F3F88 = {
						CreatedOnToolsVersion = 10.1;
					};
				};
			};
			buildConfigurationList = ECA80D8A2199EACD003F3F88 /* Build configuration list for PBXProject "拦截用户输入" */;
			compatibilityVersion = "Xcode 9.3";
			developmentRegion = en;
			hasScannedForEncodings = 0;
			knownRegions = (
				en,
				Base,
			);
			mainGroup = ECA80D862199EACD003F3F88;
			productRefGroup = ECA80D902199EACD003F3F88 /* Products */;
			projectDirPath = "";
			projectRoot = "";
			targets = (
				ECA80D8E2199EACD003F3F88 /* 拦截用户输入 */,
			);
		};
/* End PBXProject section */

/* Begin PBXResourcesBuildPhase section */
		ECA80D8D2199EACD003F3F88 /* Resources */ = {
			isa = PBXResourcesBuildPhase;
			buildActionMask = 2147483647;
			files = (
				ECA80DB8219A7866003F3F88 /* 6.jpeg in Resources */,
				ECA80DBF219A788C003F3F88 /* flags.plist in Resources */,
				ECA80DC4219A7A29003F3F88 /* LZFlagView.xib in Resources */,
				ECA80DB9219A7866003F3F88 /* 7.jpeg in Resources */,
				ECA80D9F2199EACD003F3F88 /* LaunchScreen.storyboard in Resources */,
				ECA80D9C2199EACD003F3F88 /* Assets.xcassets in Resources */,
				ECA80DBA219A7866003F3F88 /* 4.jpeg in Resources */,
				ECA80DBD219A7866003F3F88 /* 3.jpeg in Resources */,
				ECA80D9A2199EACD003F3F88 /* Main.storyboard in Resources */,
				ECA80DB7219A7866003F3F88 /* 1.jpeg in Resources */,
				ECA80DBB219A7866003F3F88 /* 5.jpeg in Resources */,
				ECA80DBC219A7866003F3F88 /* 2.jpeg in Resources */,
			);
			runOnlyForDeploymentPostprocessing = 0;
		};
/* End PBXResourcesBuildPhase section */

/* Begin PBXSourcesBuildPhase section */
		ECA80D8B2199EACD003F3F88 /* Sources */ = {
			isa = PBXSourcesBuildPhase;
			buildActionMask = 2147483647;
			files = (
				ECA80D972199EACD003F3F88 /* ViewController.m in Sources */,
				ECA80DAE219A774B003F3F88 /* LZFlagItem.m in Sources */,
				ECA80DA22199EACD003F3F88 /* main.m in Sources */,
				ECA80D942199EACD003F3F88 /* AppDelegate.m in Sources */,
				ECA80DC2219A7A1D003F3F88 /* LZFlagView.m in Sources */,
				ECA80DAB219A7542003F3F88 /* LZFlagTextF.m in Sources */,
			);
			runOnlyForDeploymentPostprocessing = 0;
		};
/* End PBXSourcesBuildPhase section */

/* Begin PBXVariantGroup section */
		ECA80D982199EACD003F3F88 /* Main.storyboard */ = {
			isa = PBXVariantGroup;
			children = (
				ECA80D992199EACD003F3F88 /* Base */,
			);
			name = Main.storyboard;
			sourceTree = "<group>";
		};
		ECA80D9D2199EACD003F3F88 /* LaunchScreen.storyboard */ = {
			isa = PBXVariantGroup;
			children = (
				ECA80D9E2199EACD003F3F88 /* Base */,
			);
			name = LaunchScreen.storyboard;
			sourceTree = "<group>";
		};
/* End PBXVariantGroup section */

/* Begin XCBuildConfiguration section */
		ECA80DA32199EACD003F3F88 /* Debug */ = {
			isa = XCBuildConfiguration;
			buildSettings = {
				ALWAYS_SEARCH_USER_PATHS = NO;
				CLANG_ANALYZER_NONNULL = YES;
				CLANG_ANALYZER_NUMBER_OBJECT_CONVERSION = YES_AGGRESSIVE;
				CLANG_CXX_LANGUAGE_STANDARD = "gnu++14";
				CLANG_CXX_LIBRARY = "libc++";
				CLANG_ENABLE_MODULES = YES;
				CLANG_ENABLE_OBJC_ARC = YES;
				CLANG_ENABLE_OBJC_WEAK = YES;
				CLANG_WARN_BLOCK_CAPTURE_AUTORELEASING = YES;
				CLANG_WARN_BOOL_CONVERSION = YES;
				CLANG_WARN_COMMA = YES;
				CLANG_WARN_CONSTANT_CONVERSION = YES;
				CLANG_WARN_DEPRECATED_OBJC_IMPLEMENTATIONS = YES;
				CLANG_WARN_DIRECT_OBJC_ISA_USAGE = YES_ERROR;
				CLANG_WARN_DOCUMENTATION_COMMENTS = YES;
				CLANG_WARN_EMPTY_BODY = YES;
				CLANG_WARN_ENUM_CONVERSION = YES;
				CLANG_WARN_INFINITE_RECURSION = YES;
				CLANG_WARN_INT_CONVERSION = YES;
				CLANG_WARN_NON_LITERAL_NULL_CONVERSION = YES;
				CLANG_WARN_OBJC_IMPLICIT_RETAIN_SELF = YES;
				CLANG_WARN_OBJC_LITERAL_CONVERSION = YES;
				CLANG_WARN_OBJC_ROOT_CLASS = YES_ERROR;
				CLANG_WARN_RANGE_LOOP_ANALYSIS = YES;
				CLANG_WARN_STRICT_PROTOTYPES = YES;
				CLANG_WARN_SUSPICIOUS_MOVE = YES;
				CLANG_WARN_UNGUARDED_AVAILABILITY = YES_AGGRESSIVE;
				CLANG_WARN_UNREACHABLE_CODE = YES;
				CLANG_WARN__DUPLICATE_METHOD_MATCH = YES;
				CODE_SIGN_IDENTITY = "iPhone Developer";
				COPY_PHASE_STRIP = NO;
				DEBUG_INFORMATION_FORMAT = dwarf;
				ENABLE_STRICT_OBJC_MSGSEND = YES;
				ENABLE_TESTABILITY = YES;
				GCC_C_LANGUAGE_STANDARD = gnu11;
				GCC_DYNAMIC_NO_PIC = NO;
				GCC_NO_COMMON_BLOCKS = YES;
				GCC_OPTIMIZATION_LEVEL = 0;
				GCC_PREPROCESSOR_DEFINITIONS = (
					"DEBUG=1",
					"$(inherited)",
				);
				GCC_WARN_64_TO_32_BIT_CONVERSION = YES;
				GCC_WARN_ABOUT_RETURN_TYPE = YES_ERROR;
				GCC_WARN_UNDECLARED_SELECTOR = YES;
				GCC_WARN_UNINITIALIZED_AUTOS = YES_AGGRESSIVE;
				GCC_WARN_UNUSED_FUNCTION = YES;
				GCC_WARN_UNUSED_VARIABLE = YES;
				IPHONEOS_DEPLOYMENT_TARGET = 12.1;
				MTL_ENABLE_DEBUG_INFO = INCLUDE_SOURCE;
				MTL_FAST_MATH = YES;
				ONLY_ACTIVE_ARCH = YES;
				SDKROOT = iphoneos;
			};
			name = Debug;
		};
		ECA80DA42199EACD003F3F88 /* Release */ = {
			isa = XCBuildConfiguration;
			buildSettings = {
				ALWAYS_SEARCH_USER_PATHS = NO;
				CLANG_ANALYZER_NONNULL = YES;
				CLANG_ANALYZER_NUMBER_OBJECT_CONVERSION = YES_AGGRESSIVE;
				CLANG_CXX_LANGUAGE_STANDARD = "gnu++14";
				CLANG_CXX_LIBRARY = "libc++";
				CLANG_ENABLE_MODULES = YES;
				CLANG_ENABLE_OBJC_ARC = YES;
				CLANG_ENABLE_OBJC_WEAK = YES;
				CLANG_WARN_BLOCK_CAPTURE_AUTORELEASING = YES;
				CLANG_WARN_BOOL_CONVERSION = YES;
				CLANG_WARN_COMMA = YES;
				CLANG_WARN_CONSTANT_CONVERSION = YES;
				CLANG_WARN_DEPRECATED_OBJC_IMPLEMENTATIONS = YES;
				CLANG_WARN_DIRECT_OBJC_ISA_USAGE = YES_ERROR;
				CLANG_WARN_DOCUMENTATION_COMMENTS = YES;
				CLANG_WARN_EMPTY_BODY = YES;
				CLANG_WARN_ENUM_CONVERSION = YES;
				CLANG_WARN_INFINITE_RECURSION = YES;
				CLANG_WARN_INT_CONVERSION = YES;
				CLANG_WARN_NON_LITERAL_NULL_CONVERSION = YES;
				CLANG_WARN_OBJC_IMPLICIT_RETAIN_SELF = YES;
				CLANG_WARN_OBJC_LITERAL_CONVERSION = YES;
				CLANG_WARN_OBJC_ROOT_CLASS = YES_ERROR;
				CLANG_WARN_RANGE_LOOP_ANALYSIS = YES;
				CLANG_WARN_STRICT_PROTOTYPES = YES;
				CLANG_WARN_SUSPICIOUS_MOVE = YES;
				CLANG_WARN_UNGUARDED_AVAILABILITY = YES_AGGRESSIVE;
				CLANG_WARN_UNREACHABLE_CODE = YES;
				CLANG_WARN__DUPLICATE_METHOD_MATCH = YES;
				CODE_SIGN_IDENTITY = "iPhone Developer";
				COPY_PHASE_STRIP = NO;
				DEBUG_INFORMATION_FORMAT = "dwarf-with-dsym";
				ENABLE_NS_ASSERTIONS = NO;
				ENABLE_STRICT_OBJC_MSGSEND = YES;
				GCC_C_LANGUAGE_STANDARD = gnu11;
				GCC_NO_COMMON_BLOCKS = YES;
				GCC_WARN_64_TO_32_BIT_CONVERSION = YES;
				GCC_WARN_ABOUT_RETURN_TYPE = YES_ERROR;
				GCC_WARN_UNDECLARED_SELECTOR = YES;
				GCC_WARN_UNINITIALIZED_AUTOS = YES_AGGRESSIVE;
				GCC_WARN_UNUSED_FUNCTION = YES;
				GCC_WARN_UNUSED_VARIABLE = YES;
				IPHONEOS_DEPLOYMENT_TARGET = 12.1;
				MTL_ENABLE_DEBUG_INFO = NO;
				MTL_FAST_MATH = YES;
				SDKROOT = iphoneos;
				VALIDATE_PRODUCT = YES;
			};
			name = Release;
		};
		ECA80DA62199EACD003F3F88 /* Debug */ = {
			isa = XCBuildConfiguration;
			buildSettings = {
				ASSETCATALOG_COMPILER_APPICON_NAME = AppIcon;
				CODE_SIGN_STYLE = Automatic;
				DEVELOPMENT_TEAM = PXKRS4XWUT;
				INFOPLIST_FILE = "拦截用户输入/Info.plist";
				LD_RUNPATH_SEARCH_PATHS = (
					"$(inherited)",
					"@executable_path/Frameworks",
				);
				PRODUCT_BUNDLE_IDENTIFIER = "cn.wdq.------";
				PRODUCT_NAME = "$(TARGET_NAME)";
				TARGETED_DEVICE_FAMILY = "1,2";
			};
			name = Debug;
		};
		ECA80DA72199EACD003F3F88 /* Release */ = {
			isa = XCBuildConfiguration;
			buildSettings = {
				ASSETCATALOG_COMPILER_APPICON_NAME = AppIcon;
				CODE_SIGN_STYLE = Automatic;
				DEVELOPMENT_TEAM = PXKRS4XWUT;
				INFOPLIST_FILE = "拦截用户输入/Info.plist";
				LD_RUNPATH_SEARCH_PATHS = (
					"$(inherited)",
					"@executable_path/Frameworks",
				);
				PRODUCT_BUNDLE_IDENTIFIER = "cn.wdq.------";
				PRODUCT_NAME = "$(TARGET_NAME)";
				TARGETED_DEVICE_FAMILY = "1,2";
			};
			name = Release;
		};
/* End XCBuildConfiguration section */

/* Begin XCConfigurationList section */
		ECA80D8A2199EACD003F3F88 /* Build configuration list for PBXProject "拦截用户输入" */ = {
			isa = XCConfigurationList;
			buildConfigurations = (
				ECA80DA32199EACD003F3F88 /* Debug */,
				ECA80DA42199EACD003F3F88 /* Release */,
			);
			defaultConfigurationIsVisible = 0;
			defaultConfigurationName = Release;
		};
		ECA80DA52199EACD003F3F88 /* Build configuration list for PBXNativeTarget "拦截用户输入" */ = {
			isa = XCConfigurationList;
			buildConfigurations = (
				ECA80DA62199EACD003F3F88 /* Debug */,
				ECA80DA72199EACD003F3F88 /* Release */,
			);
			defaultConfigurationIsVisible = 0;
			defaultConfigurationName = Release;
		};
/* End XCConfigurationList section */
	};
	rootObject = ECA80D872199EACD003F3F88 /* Project object */;
}
