// !$*UTF8*$!
{
	archiveVersion = 1;
	classes = {
	};
	objectVersion = 50;
	objects = {

/* Begin PBXBuildFile section */
		ECE9B9FE2176D12E00DF1983 /* AppDelegate.m in Sources */ = {isa = PBXBuildFile; fileRef = ECE9B9FD2176D12E00DF1983 /* AppDelegate.m */; };
		ECE9BA012176D12E00DF1983 /* ViewController.m in Sources */ = {isa = PBXBuildFile; fileRef = ECE9BA002176D12E00DF1983 /* ViewController.m */; };
		ECE9BA042176D12E00DF1983 /* Main.storyboard in Resources */ = {isa = PBXBuildFile; fileRef = ECE9BA022176D12E00DF1983 /* Main.storyboard */; };
		ECE9BA062176D12F00DF1983 /* Assets.xcassets in Resources */ = {isa = PBXBuildFile; fileRef = ECE9BA052176D12F00DF1983 /* Assets.xcassets */; };
		ECE9BA092176D12F00DF1983 /* LaunchScreen.storyboard in Resources */ = {isa = PBXBuildFile; fileRef = ECE9BA072176D12F00DF1983 /* LaunchScreen.storyboard */; };
		ECE9BA0C2176D12F00DF1983 /* main.m in Sources */ = {isa = PBXBuildFile; fileRef = ECE9BA0B2176D12F00DF1983 /* main.m */; };
		ECE9BA142176DBD100DF1983 /* LZCarGroup.m in Sources */ = {isa = PBXBuildFile; fileRef = ECE9BA132176DBD100DF1983 /* LZCarGroup.m */; };
		ECE9BA172176DD5B00DF1983 /* LZCar.m in Sources */ = {isa = PBXBuildFile; fileRef = ECE9BA162176DD5B00DF1983 /* LZCar.m */; };
		ECE9BA1921772FCB00DF1983 /* cars.plist in Resources */ = {isa = PBXBuildFile; fileRef = ECE9BA1821772FCB00DF1983 /* cars.plist */; };
		ECE9BB3C217B383100DF1983 /* MJPropertyType.m in Sources */ = {isa = PBXBuildFile; fileRef = ECE9BB29217B383100DF1983 /* MJPropertyType.m */; };
		ECE9BB3D217B383100DF1983 /* NSObject+MJKeyValue.m in Sources */ = {isa = PBXBuildFile; fileRef = ECE9BB2C217B383100DF1983 /* NSObject+MJKeyValue.m */; };
		ECE9BB3E217B383100DF1983 /* MJProperty.m in Sources */ = {isa = PBXBuildFile; fileRef = ECE9BB2D217B383100DF1983 /* MJProperty.m */; };
		ECE9BB3F217B383100DF1983 /* NSObject+MJCoding.m in Sources */ = {isa = PBXBuildFile; fileRef = ECE9BB2F217B383100DF1983 /* NSObject+MJCoding.m */; };
		ECE9BB40217B383100DF1983 /* MJExtensionConst.m in Sources */ = {isa = PBXBuildFile; fileRef = ECE9BB31217B383100DF1983 /* MJExtensionConst.m */; };
		ECE9BB41217B383100DF1983 /* NSObject+MJProperty.m in Sources */ = {isa = PBXBuildFile; fileRef = ECE9BB32217B383100DF1983 /* NSObject+MJProperty.m */; };
		ECE9BB42217B383100DF1983 /* NSObject+MJClass.m in Sources */ = {isa = PBXBuildFile; fileRef = ECE9BB34217B383100DF1983 /* NSObject+MJClass.m */; };
		ECE9BB43217B383100DF1983 /* NSString+MJExtension.m in Sources */ = {isa = PBXBuildFile; fileRef = ECE9BB35217B383100DF1983 /* NSString+MJExtension.m */; };
		ECE9BB44217B383100DF1983 /* MJPropertyKey.m in Sources */ = {isa = PBXBuildFile; fileRef = ECE9BB36217B383100DF1983 /* MJPropertyKey.m */; };
		ECE9BB45217B383100DF1983 /* Info.plist in Resources */ = {isa = PBXBuildFile; fileRef = ECE9BB3A217B383100DF1983 /* Info.plist */; };
		ECE9BB46217B383100DF1983 /* MJFoundation.m in Sources */ = {isa = PBXBuildFile; fileRef = ECE9BB3B217B383100DF1983 /* MJFoundation.m */; };
/* End PBXBuildFile section */

/* Begin PBXFileReference section */
		ECE9B9F92176D12E00DF1983 /* 展示汽车数据.app */ = {isa = PBXFileReference; explicitFileType = wrapper.application; includeInIndex = 0; path = "展示汽车数据.app"; sourceTree = BUILT_PRODUCTS_DIR; };
		ECE9B9FC2176D12E00DF1983 /* AppDelegate.h */ = {isa = PBXFileReference; lastKnownFileType = sourcecode.c.h; path = AppDelegate.h; sourceTree = "<group>"; };
		ECE9B9FD2176D12E00DF1983 /* AppDelegate.m */ = {isa = PBXFileReference; lastKnownFileType = sourcecode.c.objc; path = AppDelegate.m; sourceTree = "<group>"; };
		ECE9B9FF2176D12E00DF1983 /* ViewController.h */ = {isa = PBXFileReference; lastKnownFileType = sourcecode.c.h; path = ViewController.h; sourceTree = "<group>"; };
		ECE9BA002176D12E00DF1983 /* ViewController.m */ = {isa = PBXFileReference; lastKnownFileType = sourcecode.c.objc; path = ViewController.m; sourceTree = "<group>"; };
		ECE9BA032176D12E00DF1983 /* Base */ = {isa = PBXFileReference; lastKnownFileType = file.storyboard; name = Base; path = Base.lproj/Main.storyboard; sourceTree = "<group>"; };
		ECE9BA052176D12F00DF1983 /* Assets.xcassets */ = {isa = PBXFileReference; lastKnownFileType = folder.assetcatalog; path = Assets.xcassets; sourceTree = "<group>"; };
		ECE9BA082176D12F00DF1983 /* Base */ = {isa = PBXFileReference; lastKnownFileType = file.storyboard; name = Base; path = Base.lproj/LaunchScreen.storyboard; sourceTree = "<group>"; };
		ECE9BA0A2176D12F00DF1983 /* Info.plist */ = {isa = PBXFileReference; lastKnownFileType = text.plist.xml; path = Info.plist; sourceTree = "<group>"; };
		ECE9BA0B2176D12F00DF1983 /* main.m */ = {isa = PBXFileReference; lastKnownFileType = sourcecode.c.objc; path = main.m; sourceTree = "<group>"; };
		ECE9BA122176DBD100DF1983 /* LZCarGroup.h */ = {isa = PBXFileReference; lastKnownFileType = sourcecode.c.h; path = LZCarGroup.h; sourceTree = "<group>"; };
		ECE9BA132176DBD100DF1983 /* LZCarGroup.m */ = {isa = PBXFileReference; lastKnownFileType = sourcecode.c.objc; path = LZCarGroup.m; sourceTree = "<group>"; };
		ECE9BA152176DD5B00DF1983 /* LZCar.h */ = {isa = PBXFileReference; lastKnownFileType = sourcecode.c.h; path = LZCar.h; sourceTree = "<group>"; };
		ECE9BA162176DD5B00DF1983 /* LZCar.m */ = {isa = PBXFileReference; lastKnownFileType = sourcecode.c.objc; path = LZCar.m; sourceTree = "<group>"; };
		ECE9BA1821772FCB00DF1983 /* cars.plist */ = {isa = PBXFileReference; lastKnownFileType = text.plist.xml; path = cars.plist; sourceTree = "<group>"; };
		ECE9BB26217B383100DF1983 /* MJPropertyKey.h */ = {isa = PBXFileReference; fileEncoding = 4; lastKnownFileType = sourcecode.c.h; path = MJPropertyKey.h; sourceTree = "<group>"; };
		ECE9BB27217B383100DF1983 /* NSObject+MJClass.h */ = {isa = PBXFileReference; fileEncoding = 4; lastKnownFileType = sourcecode.c.h; path = "NSObject+MJClass.h"; sourceTree = "<group>"; };
		ECE9BB28217B383100DF1983 /* NSString+MJExtension.h */ = {isa = PBXFileReference; fileEncoding = 4; lastKnownFileType = sourcecode.c.h; path = "NSString+MJExtension.h"; sourceTree = "<group>"; };
		ECE9BB29217B383100DF1983 /* MJPropertyType.m */ = {isa = PBXFileReference; fileEncoding = 4; lastKnownFileType = sourcecode.c.objc; path = MJPropertyType.m; sourceTree = "<group>"; };
		ECE9BB2A217B383100DF1983 /* NSObject+MJProperty.h */ = {isa = PBXFileReference; fileEncoding = 4; lastKnownFileType = sourcecode.c.h; path = "NSObject+MJProperty.h"; sourceTree = "<group>"; };
		ECE9BB2B217B383100DF1983 /* MJExtensionConst.h */ = {isa = PBXFileReference; fileEncoding = 4; lastKnownFileType = sourcecode.c.h; path = MJExtensionConst.h; sourceTree = "<group>"; };
		ECE9BB2C217B383100DF1983 /* NSObject+MJKeyValue.m */ = {isa = PBXFileReference; fileEncoding = 4; lastKnownFileType = sourcecode.c.objc; path = "NSObject+MJKeyValue.m"; sourceTree = "<group>"; };
		ECE9BB2D217B383100DF1983 /* MJProperty.m */ = {isa = PBXFileReference; fileEncoding = 4; lastKnownFileType = sourcecode.c.objc; path = MJProperty.m; sourceTree = "<group>"; };
		ECE9BB2E217B383100DF1983 /* MJFoundation.h */ = {isa = PBXFileReference; fileEncoding = 4; lastKnownFileType = sourcecode.c.h; path = MJFoundation.h; sourceTree = "<group>"; };
		ECE9BB2F217B383100DF1983 /* NSObject+MJCoding.m */ = {isa = PBXFileReference; fileEncoding = 4; lastKnownFileType = sourcecode.c.objc; path = "NSObject+MJCoding.m"; sourceTree = "<group>"; };
		ECE9BB30217B383100DF1983 /* MJExtension.h */ = {isa = PBXFileReference; fileEncoding = 4; lastKnownFileType = sourcecode.c.h; path = MJExtension.h; sourceTree = "<group>"; };
		ECE9BB31217B383100DF1983 /* MJExtensionConst.m */ = {isa = PBXFileReference; fileEncoding = 4; lastKnownFileType = sourcecode.c.objc; path = MJExtensionConst.m; sourceTree = "<group>"; };
		ECE9BB32217B383100DF1983 /* NSObject+MJProperty.m */ = {isa = PBXFileReference; fileEncoding = 4; lastKnownFileType = sourcecode.c.objc; path = "NSObject+MJProperty.m"; sourceTree = "<group>"; };
		ECE9BB33217B383100DF1983 /* MJPropertyType.h */ = {isa = PBXFileReference; fileEncoding = 4; lastKnownFileType = sourcecode.c.h; path = MJPropertyType.h; sourceTree = "<group>"; };
		ECE9BB34217B383100DF1983 /* NSObject+MJClass.m */ = {isa = PBXFileReference; fileEncoding = 4; lastKnownFileType = sourcecode.c.objc; path = "NSObject+MJClass.m"; sourceTree = "<group>"; };
		ECE9BB35217B383100DF1983 /* NSString+MJExtension.m */ = {isa = PBXFileReference; fileEncoding = 4; lastKnownFileType = sourcecode.c.objc; path = "NSString+MJExtension.m"; sourceTree = "<group>"; };
		ECE9BB36217B383100DF1983 /* MJPropertyKey.m */ = {isa = PBXFileReference; fileEncoding = 4; lastKnownFileType = sourcecode.c.objc; path = MJPropertyKey.m; sourceTree = "<group>"; };
		ECE9BB37217B383100DF1983 /* MJProperty.h */ = {isa = PBXFileReference; fileEncoding = 4; lastKnownFileType = sourcecode.c.h; path = MJProperty.h; sourceTree = "<group>"; };
		ECE9BB38217B383100DF1983 /* NSObject+MJKeyValue.h */ = {isa = PBXFileReference; fileEncoding = 4; lastKnownFileType = sourcecode.c.h; path = "NSObject+MJKeyValue.h"; sourceTree = "<group>"; };
		ECE9BB39217B383100DF1983 /* NSObject+MJCoding.h */ = {isa = PBXFileReference; fileEncoding = 4; lastKnownFileType = sourcecode.c.h; path = "NSObject+MJCoding.h"; sourceTree = "<group>"; };
		ECE9BB3A217B383100DF1983 /* Info.plist */ = {isa = PBXFileReference; fileEncoding = 4; lastKnownFileType = text.plist.xml; path = Info.plist; sourceTree = "<group>"; };
		ECE9BB3B217B383100DF1983 /* MJFoundation.m */ = {isa = PBXFileReference; fileEncoding = 4; lastKnownFileType = sourcecode.c.objc; path = MJFoundation.m; sourceTree = "<group>"; };
/* End PBXFileReference section */

/* Begin PBXFrameworksBuildPhase section */
		ECE9B9F62176D12E00DF1983 /* Frameworks */ = {
			isa = PBXFrameworksBuildPhase;
			buildActionMask = 2147483647;
			files = (
			);
			runOnlyForDeploymentPostprocessing = 0;
		};
/* End PBXFrameworksBuildPhase section */

/* Begin PBXGroup section */
		ECE9B9F02176D12E00DF1983 = {
			isa = PBXGroup;
			children = (
				ECE9B9FB2176D12E00DF1983 /* 展示汽车数据 */,
				ECE9B9FA2176D12E00DF1983 /* Products */,
			);
			sourceTree = "<group>";
		};
		ECE9B9FA2176D12E00DF1983 /* Products */ = {
			isa = PBXGroup;
			children = (
				ECE9B9F92176D12E00DF1983 /* 展示汽车数据.app */,
			);
			name = Products;
			sourceTree = "<group>";
		};
		ECE9B9FB2176D12E00DF1983 /* 展示汽车数据 */ = {
			isa = PBXGroup;
			children = (
				ECE9BB25217B383100DF1983 /* MJExtension */,
				ECE9B9FC2176D12E00DF1983 /* AppDelegate.h */,
				ECE9B9FD2176D12E00DF1983 /* AppDelegate.m */,
				ECE9B9FF2176D12E00DF1983 /* ViewController.h */,
				ECE9BA002176D12E00DF1983 /* ViewController.m */,
				ECE9BA022176D12E00DF1983 /* Main.storyboard */,
				ECE9BA052176D12F00DF1983 /* Assets.xcassets */,
				ECE9BA072176D12F00DF1983 /* LaunchScreen.storyboard */,
				ECE9BA0A2176D12F00DF1983 /* Info.plist */,
				ECE9BA0B2176D12F00DF1983 /* main.m */,
				ECE9BA122176DBD100DF1983 /* LZCarGroup.h */,
				ECE9BA132176DBD100DF1983 /* LZCarGroup.m */,
				ECE9BA152176DD5B00DF1983 /* LZCar.h */,
				ECE9BA162176DD5B00DF1983 /* LZCar.m */,
				ECE9BA1821772FCB00DF1983 /* cars.plist */,
			);
			path = "展示汽车数据";
			sourceTree = "<group>";
		};
		ECE9BB25217B383100DF1983 /* MJExtension */ = {
			isa = PBXGroup;
			children = (
				ECE9BB26217B383100DF1983 /* MJPropertyKey.h */,
				ECE9BB27217B383100DF1983 /* NSObject+MJClass.h */,
				ECE9BB28217B383100DF1983 /* NSString+MJExtension.h */,
				ECE9BB29217B383100DF1983 /* MJPropertyType.m */,
				ECE9BB2A217B383100DF1983 /* NSObject+MJProperty.h */,
				ECE9BB2B217B383100DF1983 /* MJExtensionConst.h */,
				ECE9BB2C217B383100DF1983 /* NSObject+MJKeyValue.m */,
				ECE9BB2D217B383100DF1983 /* MJProperty.m */,
				ECE9BB2E217B383100DF1983 /* MJFoundation.h */,
				ECE9BB2F217B383100DF1983 /* NSObject+MJCoding.m */,
				ECE9BB30217B383100DF1983 /* MJExtension.h */,
				ECE9BB31217B383100DF1983 /* MJExtensionConst.m */,
				ECE9BB32217B383100DF1983 /* NSObject+MJProperty.m */,
				ECE9BB33217B383100DF1983 /* MJPropertyType.h */,
				ECE9BB34217B383100DF1983 /* NSObject+MJClass.m */,
				ECE9BB35217B383100DF1983 /* NSString+MJExtension.m */,
				ECE9BB36217B383100DF1983 /* MJPropertyKey.m */,
				ECE9BB37217B383100DF1983 /* MJProperty.h */,
				ECE9BB38217B383100DF1983 /* NSObject+MJKeyValue.h */,
				ECE9BB39217B383100DF1983 /* NSObject+MJCoding.h */,
				ECE9BB3A217B383100DF1983 /* Info.plist */,
				ECE9BB3B217B383100DF1983 /* MJFoundation.m */,
			);
			path = MJExtension;
			sourceTree = "<group>";
		};
/* End PBXGroup section */

/* Begin PBXNativeTarget section */
		ECE9B9F82176D12E00DF1983 /* 展示汽车数据 */ = {
			isa = PBXNativeTarget;
			buildConfigurationList = ECE9BA0F2176D12F00DF1983 /* Build configuration list for PBXNativeTarget "展示汽车数据" */;
			buildPhases = (
				ECE9B9F52176D12E00DF1983 /* Sources */,
				ECE9B9F62176D12E00DF1983 /* Frameworks */,
				ECE9B9F72176D12E00DF1983 /* Resources */,
			);
			buildRules = (
			);
			dependencies = (
			);
			name = "展示汽车数据";
			productName = "展示汽车数据";
			productReference = ECE9B9F92176D12E00DF1983 /* 展示汽车数据.app */;
			productType = "com.apple.product-type.application";
		};
/* End PBXNativeTarget section */

/* Begin PBXProject section */
		ECE9B9F12176D12E00DF1983 /* Project object */ = {
			isa = PBXProject;
			attributes = {
				CLASSPREFIX = LZ;
				LastUpgradeCheck = 1000;
				ORGANIZATIONNAME = LZ;
				TargetAttributes = {
					ECE9B9F82176D12E00DF1983 = {
						CreatedOnToolsVersion = 10.0;
					};
				};
			};
			buildConfigurationList = ECE9B9F42176D12E00DF1983 /* Build configuration list for PBXProject "展示汽车数据" */;
			compatibilityVersion = "Xcode 9.3";
			developmentRegion = en;
			hasScannedForEncodings = 0;
			knownRegions = (
				en,
				Base,
			);
			mainGroup = ECE9B9F02176D12E00DF1983;
			productRefGroup = ECE9B9FA2176D12E00DF1983 /* Products */;
			projectDirPath = "";
			projectRoot = "";
			targets = (
				ECE9B9F82176D12E00DF1983 /* 展示汽车数据 */,
			);
		};
/* End PBXProject section */

/* Begin PBXResourcesBuildPhase section */
		ECE9B9F72176D12E00DF1983 /* Resources */ = {
			isa = PBXResourcesBuildPhase;
			buildActionMask = 2147483647;
			files = (
				ECE9BA092176D12F00DF1983 /* LaunchScreen.storyboard in Resources */,
				ECE9BA1921772FCB00DF1983 /* cars.plist in Resources */,
				ECE9BA062176D12F00DF1983 /* Assets.xcassets in Resources */,
				ECE9BB45217B383100DF1983 /* Info.plist in Resources */,
				ECE9BA042176D12E00DF1983 /* Main.storyboard in Resources */,
			);
			runOnlyForDeploymentPostprocessing = 0;
		};
/* End PBXResourcesBuildPhase section */

/* Begin PBXSourcesBuildPhase section */
		ECE9B9F52176D12E00DF1983 /* Sources */ = {
			isa = PBXSourcesBuildPhase;
			buildActionMask = 2147483647;
			files = (
				ECE9BA142176DBD100DF1983 /* LZCarGroup.m in Sources */,
				ECE9BB44217B383100DF1983 /* MJPropertyKey.m in Sources */,
				ECE9BA172176DD5B00DF1983 /* LZCar.m in Sources */,
				ECE9BB46217B383100DF1983 /* MJFoundation.m in Sources */,
				ECE9BB41217B383100DF1983 /* NSObject+MJProperty.m in Sources */,
				ECE9BA012176D12E00DF1983 /* ViewController.m in Sources */,
				ECE9BB3E217B383100DF1983 /* MJProperty.m in Sources */,
				ECE9BB3D217B383100DF1983 /* NSObject+MJKeyValue.m in Sources */,
				ECE9BB43217B383100DF1983 /* NSString+MJExtension.m in Sources */,
				ECE9BB3F217B383100DF1983 /* NSObject+MJCoding.m in Sources */,
				ECE9BB40217B383100DF1983 /* MJExtensionConst.m in Sources */,
				ECE9BB3C217B383100DF1983 /* MJPropertyType.m in Sources */,
				ECE9BB42217B383100DF1983 /* NSObject+MJClass.m in Sources */,
				ECE9BA0C2176D12F00DF1983 /* main.m in Sources */,
				ECE9B9FE2176D12E00DF1983 /* AppDelegate.m in Sources */,
			);
			runOnlyForDeploymentPostprocessing = 0;
		};
/* End PBXSourcesBuildPhase section */

/* Begin PBXVariantGroup section */
		ECE9BA022176D12E00DF1983 /* Main.storyboard */ = {
			isa = PBXVariantGroup;
			children = (
				ECE9BA032176D12E00DF1983 /* Base */,
			);
			name = Main.storyboard;
			sourceTree = "<group>";
		};
		ECE9BA072176D12F00DF1983 /* LaunchScreen.storyboard */ = {
			isa = PBXVariantGroup;
			children = (
				ECE9BA082176D12F00DF1983 /* Base */,
			);
			name = LaunchScreen.storyboard;
			sourceTree = "<group>";
		};
/* End PBXVariantGroup section */

/* Begin XCBuildConfiguration section */
		ECE9BA0D2176D12F00DF1983 /* Debug */ = {
			isa = XCBuildConfiguration;
			buildSettings = {
				ALWAYS_SEARCH_USER_PATHS = NO;
				CLANG_ANALYZER_NONNULL = YES;
				CLANG_ANALYZER_NUMBER_OBJECT_CONVERSION = YES_AGGRESSIVE;
				CLANG_CXX_LANGUAGE_STANDARD = "gnu++14";
				CLANG_CXX_LIBRARY = "libc++";
				CLANG_ENABLE_MODULES = YES;
				CLANG_ENABLE_OBJC_ARC = YES;
				CLANG_ENABLE_OBJC_WEAK = YES;
				CLANG_WARN_BLOCK_CAPTURE_AUTORELEASING = YES;
				CLANG_WARN_BOOL_CONVERSION = YES;
				CLANG_WARN_COMMA = YES;
				CLANG_WARN_CONSTANT_CONVERSION = YES;
				CLANG_WARN_DEPRECATED_OBJC_IMPLEMENTATIONS = YES;
				CLANG_WARN_DIRECT_OBJC_ISA_USAGE = YES_ERROR;
				CLANG_WARN_DOCUMENTATION_COMMENTS = YES;
				CLANG_WARN_EMPTY_BODY = YES;
				CLANG_WARN_ENUM_CONVERSION = YES;
				CLANG_WARN_INFINITE_RECURSION = YES;
				CLANG_WARN_INT_CONVERSION = YES;
				CLANG_WARN_NON_LITERAL_NULL_CONVERSION = YES;
				CLANG_WARN_OBJC_IMPLICIT_RETAIN_SELF = YES;
				CLANG_WARN_OBJC_LITERAL_CONVERSION = YES;
				CLANG_WARN_OBJC_ROOT_CLASS = YES_ERROR;
				CLANG_WARN_RANGE_LOOP_ANALYSIS = YES;
				CLANG_WARN_STRICT_PROTOTYPES = YES;
				CLANG_WARN_SUSPICIOUS_MOVE = YES;
				CLANG_WARN_UNGUARDED_AVAILABILITY = YES_AGGRESSIVE;
				CLANG_WARN_UNREACHABLE_CODE = YES;
				CLANG_WARN__DUPLICATE_METHOD_MATCH = YES;
				CODE_SIGN_IDENTITY = "iPhone Developer";
				COPY_PHASE_STRIP = NO;
				DEBUG_INFORMATION_FORMAT = dwarf;
				ENABLE_STRICT_OBJC_MSGSEND = YES;
				ENABLE_TESTABILITY = YES;
				GCC_C_LANGUAGE_STANDARD = gnu11;
				GCC_DYNAMIC_NO_PIC = NO;
				GCC_NO_COMMON_BLOCKS = YES;
				GCC_OPTIMIZATION_LEVEL = 0;
				GCC_PREPROCESSOR_DEFINITIONS = (
					"DEBUG=1",
					"$(inherited)",
				);
				GCC_WARN_64_TO_32_BIT_CONVERSION = YES;
				GCC_WARN_ABOUT_RETURN_TYPE = YES_ERROR;
				GCC_WARN_UNDECLARED_SELECTOR = YES;
				GCC_WARN_UNINITIALIZED_AUTOS = YES_AGGRESSIVE;
				GCC_WARN_UNUSED_FUNCTION = YES;
				GCC_WARN_UNUSED_VARIABLE = YES;
				IPHONEOS_DEPLOYMENT_TARGET = 12.0;
				MTL_ENABLE_DEBUG_INFO = INCLUDE_SOURCE;
				MTL_FAST_MATH = YES;
				ONLY_ACTIVE_ARCH = YES;
				SDKROOT = iphoneos;
			};
			name = Debug;
		};
		ECE9BA0E2176D12F00DF1983 /* Release */ = {
			isa = XCBuildConfiguration;
			buildSettings = {
				ALWAYS_SEARCH_USER_PATHS = NO;
				CLANG_ANALYZER_NONNULL = YES;
				CLANG_ANALYZER_NUMBER_OBJECT_CONVERSION = YES_AGGRESSIVE;
				CLANG_CXX_LANGUAGE_STANDARD = "gnu++14";
				CLANG_CXX_LIBRARY = "libc++";
				CLANG_ENABLE_MODULES = YES;
				CLANG_ENABLE_OBJC_ARC = YES;
				CLANG_ENABLE_OBJC_WEAK = YES;
				CLANG_WARN_BLOCK_CAPTURE_AUTORELEASING = YES;
				CLANG_WARN_BOOL_CONVERSION = YES;
				CLANG_WARN_COMMA = YES;
				CLANG_WARN_CONSTANT_CONVERSION = YES;
				CLANG_WARN_DEPRECATED_OBJC_IMPLEMENTATIONS = YES;
				CLANG_WARN_DIRECT_OBJC_ISA_USAGE = YES_ERROR;
				CLANG_WARN_DOCUMENTATION_COMMENTS = YES;
				CLANG_WARN_EMPTY_BODY = YES;
				CLANG_WARN_ENUM_CONVERSION = YES;
				CLANG_WARN_INFINITE_RECURSION = YES;
				CLANG_WARN_INT_CONVERSION = YES;
				CLANG_WARN_NON_LITERAL_NULL_CONVERSION = YES;
				CLANG_WARN_OBJC_IMPLICIT_RETAIN_SELF = YES;
				CLANG_WARN_OBJC_LITERAL_CONVERSION = YES;
				CLANG_WARN_OBJC_ROOT_CLASS = YES_ERROR;
				CLANG_WARN_RANGE_LOOP_ANALYSIS = YES;
				CLANG_WARN_STRICT_PROTOTYPES = YES;
				CLANG_WARN_SUSPICIOUS_MOVE = YES;
				CLANG_WARN_UNGUARDED_AVAILABILITY = YES_AGGRESSIVE;
				CLANG_WARN_UNREACHABLE_CODE = YES;
				CLANG_WARN__DUPLICATE_METHOD_MATCH = YES;
				CODE_SIGN_IDENTITY = "iPhone Developer";
				COPY_PHASE_STRIP = NO;
				DEBUG_INFORMATION_FORMAT = "dwarf-with-dsym";
				ENABLE_NS_ASSERTIONS = NO;
				ENABLE_STRICT_OBJC_MSGSEND = YES;
				GCC_C_LANGUAGE_STANDARD = gnu11;
				GCC_NO_COMMON_BLOCKS = YES;
				GCC_WARN_64_TO_32_BIT_CONVERSION = YES;
				GCC_WARN_ABOUT_RETURN_TYPE = YES_ERROR;
				GCC_WARN_UNDECLARED_SELECTOR = YES;
				GCC_WARN_UNINITIALIZED_AUTOS = YES_AGGRESSIVE;
				GCC_WARN_UNUSED_FUNCTION = YES;
				GCC_WARN_UNUSED_VARIABLE = YES;
				IPHONEOS_DEPLOYMENT_TARGET = 12.0;
				MTL_ENABLE_DEBUG_INFO = NO;
				MTL_FAST_MATH = YES;
				SDKROOT = iphoneos;
				VALIDATE_PRODUCT = YES;
			};
			name = Release;
		};
		ECE9BA102176D12F00DF1983 /* Debug */ = {
			isa = XCBuildConfiguration;
			buildSettings = {
				ASSETCATALOG_COMPILER_APPICON_NAME = AppIcon;
				CODE_SIGN_STYLE = Automatic;
				DEVELOPMENT_TEAM = PXKRS4XWUT;
				INFOPLIST_FILE = "展示汽车数据/Info.plist";
				LD_RUNPATH_SEARCH_PATHS = (
					"$(inherited)",
					"@executable_path/Frameworks",
				);
				PRODUCT_BUNDLE_IDENTIFIER = "cn.wdq.------";
				PRODUCT_NAME = "$(TARGET_NAME)";
				TARGETED_DEVICE_FAMILY = "1,2";
			};
			name = Debug;
		};
		ECE9BA112176D12F00DF1983 /* Release */ = {
			isa = XCBuildConfiguration;
			buildSettings = {
				ASSETCATALOG_COMPILER_APPICON_NAME = AppIcon;
				CODE_SIGN_STYLE = Automatic;
				DEVELOPMENT_TEAM = PXKRS4XWUT;
				INFOPLIST_FILE = "展示汽车数据/Info.plist";
				LD_RUNPATH_SEARCH_PATHS = (
					"$(inherited)",
					"@executable_path/Frameworks",
				);
				PRODUCT_BUNDLE_IDENTIFIER = "cn.wdq.------";
				PRODUCT_NAME = "$(TARGET_NAME)";
				TARGETED_DEVICE_FAMILY = "1,2";
			};
			name = Release;
		};
/* End XCBuildConfiguration section */

/* Begin XCConfigurationList section */
		ECE9B9F42176D12E00DF1983 /* Build configuration list for PBXProject "展示汽车数据" */ = {
			isa = XCConfigurationList;
			buildConfigurations = (
				ECE9BA0D2176D12F00DF1983 /* Debug */,
				ECE9BA0E2176D12F00DF1983 /* Release */,
			);
			defaultConfigurationIsVisible = 0;
			defaultConfigurationName = Release;
		};
		ECE9BA0F2176D12F00DF1983 /* Build configuration list for PBXNativeTarget "展示汽车数据" */ = {
			isa = XCConfigurationList;
			buildConfigurations = (
				ECE9BA102176D12F00DF1983 /* Debug */,
				ECE9BA112176D12F00DF1983 /* Release */,
			);
			defaultConfigurationIsVisible = 0;
			defaultConfigurationName = Release;
		};
/* End XCConfigurationList section */
	};
	rootObject = ECE9B9F12176D12E00DF1983 /* Project object */;
}
