// !$*UTF8*$!
{
	archiveVersion = 1;
	classes = {
	};
	objectVersion = 50;
	objects = {

/* Begin PBXBuildFile section */
		ECF839382159494900C15580 /* AppDelegate.m in Sources */ = {isa = PBXBuildFile; fileRef = ECF839372159494900C15580 /* AppDelegate.m */; };
		ECF8393B2159494900C15580 /* ViewController.m in Sources */ = {isa = PBXBuildFile; fileRef = ECF8393A2159494900C15580 /* ViewController.m */; };
		ECF8393E2159494900C15580 /* Main.storyboard in Resources */ = {isa = PBXBuildFile; fileRef = ECF8393C2159494900C15580 /* Main.storyboard */; };
		ECF839402159494B00C15580 /* Assets.xcassets in Resources */ = {isa = PBXBuildFile; fileRef = ECF8393F2159494B00C15580 /* Assets.xcassets */; };
		ECF839432159494B00C15580 /* LaunchScreen.storyboard in Resources */ = {isa = PBXBuildFile; fileRef = ECF839412159494B00C15580 /* LaunchScreen.storyboard */; };
		ECF839462159494B00C15580 /* main.m in Sources */ = {isa = PBXBuildFile; fileRef = ECF839452159494B00C15580 /* main.m */; };
		ECF839542159497A00C15580 /* player_btn_play_normal@2x.png in Resources */ = {isa = PBXBuildFile; fileRef = ECF8394D2159497A00C15580 /* player_btn_play_normal@2x.png */; };
		ECF839552159497A00C15580 /* player_btn_pause_normal@2x.png in Resources */ = {isa = PBXBuildFile; fileRef = ECF8394E2159497A00C15580 /* player_btn_pause_normal@2x.png */; };
		ECF839562159497A00C15580 /* parsing_01.png in Resources */ = {isa = PBXBuildFile; fileRef = ECF8394F2159497A00C15580 /* parsing_01.png */; };
		ECF839572159497A00C15580 /* player_btn_next_normal@2x.png in Resources */ = {isa = PBXBuildFile; fileRef = ECF839502159497A00C15580 /* player_btn_next_normal@2x.png */; };
		ECF839582159497A00C15580 /* logo.png in Resources */ = {isa = PBXBuildFile; fileRef = ECF839512159497A00C15580 /* logo.png */; };
		ECF839592159497A00C15580 /* player_btn_pre_normal@2x.png in Resources */ = {isa = PBXBuildFile; fileRef = ECF839522159497A00C15580 /* player_btn_pre_normal@2x.png */; };
		ECF8395A2159497A00C15580 /* bg.jpg in Resources */ = {isa = PBXBuildFile; fileRef = ECF839532159497A00C15580 /* bg.jpg */; };
		ECF8395F2159498200C15580 /* mySong3.mp3 in Resources */ = {isa = PBXBuildFile; fileRef = ECF8395C2159498200C15580 /* mySong3.mp3 */; };
		ECF839602159498200C15580 /* mySong2.mp3 in Resources */ = {isa = PBXBuildFile; fileRef = ECF8395D2159498200C15580 /* mySong2.mp3 */; };
		ECF839612159498200C15580 /* mySong1.mp3 in Resources */ = {isa = PBXBuildFile; fileRef = ECF8395E2159498200C15580 /* mySong1.mp3 */; };
/* End PBXBuildFile section */

/* Begin PBXFileReference section */
		ECF839332159494900C15580 /* 播放音效.app */ = {isa = PBXFileReference; explicitFileType = wrapper.application; includeInIndex = 0; path = "播放音效.app"; sourceTree = BUILT_PRODUCTS_DIR; };
		ECF839362159494900C15580 /* AppDelegate.h */ = {isa = PBXFileReference; lastKnownFileType = sourcecode.c.h; path = AppDelegate.h; sourceTree = "<group>"; };
		ECF839372159494900C15580 /* AppDelegate.m */ = {isa = PBXFileReference; lastKnownFileType = sourcecode.c.objc; path = AppDelegate.m; sourceTree = "<group>"; };
		ECF839392159494900C15580 /* ViewController.h */ = {isa = PBXFileReference; lastKnownFileType = sourcecode.c.h; path = ViewController.h; sourceTree = "<group>"; };
		ECF8393A2159494900C15580 /* ViewController.m */ = {isa = PBXFileReference; lastKnownFileType = sourcecode.c.objc; path = ViewController.m; sourceTree = "<group>"; };
		ECF8393D2159494900C15580 /* Base */ = {isa = PBXFileReference; lastKnownFileType = file.storyboard; name = Base; path = Base.lproj/Main.storyboard; sourceTree = "<group>"; };
		ECF8393F2159494B00C15580 /* Assets.xcassets */ = {isa = PBXFileReference; lastKnownFileType = folder.assetcatalog; path = Assets.xcassets; sourceTree = "<group>"; };
		ECF839422159494B00C15580 /* Base */ = {isa = PBXFileReference; lastKnownFileType = file.storyboard; name = Base; path = Base.lproj/LaunchScreen.storyboard; sourceTree = "<group>"; };
		ECF839442159494B00C15580 /* Info.plist */ = {isa = PBXFileReference; lastKnownFileType = text.plist.xml; path = Info.plist; sourceTree = "<group>"; };
		ECF839452159494B00C15580 /* main.m */ = {isa = PBXFileReference; lastKnownFileType = sourcecode.c.objc; path = main.m; sourceTree = "<group>"; };
		ECF8394D2159497A00C15580 /* player_btn_play_normal@2x.png */ = {isa = PBXFileReference; lastKnownFileType = image.png; path = "player_btn_play_normal@2x.png"; sourceTree = "<group>"; };
		ECF8394E2159497A00C15580 /* player_btn_pause_normal@2x.png */ = {isa = PBXFileReference; lastKnownFileType = image.png; path = "player_btn_pause_normal@2x.png"; sourceTree = "<group>"; };
		ECF8394F2159497A00C15580 /* parsing_01.png */ = {isa = PBXFileReference; lastKnownFileType = image.png; path = parsing_01.png; sourceTree = "<group>"; };
		ECF839502159497A00C15580 /* player_btn_next_normal@2x.png */ = {isa = PBXFileReference; lastKnownFileType = image.png; path = "player_btn_next_normal@2x.png"; sourceTree = "<group>"; };
		ECF839512159497A00C15580 /* logo.png */ = {isa = PBXFileReference; lastKnownFileType = image.png; path = logo.png; sourceTree = "<group>"; };
		ECF839522159497A00C15580 /* player_btn_pre_normal@2x.png */ = {isa = PBXFileReference; lastKnownFileType = image.png; path = "player_btn_pre_normal@2x.png"; sourceTree = "<group>"; };
		ECF839532159497A00C15580 /* bg.jpg */ = {isa = PBXFileReference; lastKnownFileType = image.jpeg; path = bg.jpg; sourceTree = "<group>"; };
		ECF8395C2159498200C15580 /* mySong3.mp3 */ = {isa = PBXFileReference; lastKnownFileType = audio.mp3; path = mySong3.mp3; sourceTree = "<group>"; };
		ECF8395D2159498200C15580 /* mySong2.mp3 */ = {isa = PBXFileReference; lastKnownFileType = audio.mp3; path = mySong2.mp3; sourceTree = "<group>"; };
		ECF8395E2159498200C15580 /* mySong1.mp3 */ = {isa = PBXFileReference; lastKnownFileType = audio.mp3; path = mySong1.mp3; sourceTree = "<group>"; };
/* End PBXFileReference section */

/* Begin PBXFrameworksBuildPhase section */
		ECF839302159494900C15580 /* Frameworks */ = {
			isa = PBXFrameworksBuildPhase;
			buildActionMask = 2147483647;
			files = (
			);
			runOnlyForDeploymentPostprocessing = 0;
		};
/* End PBXFrameworksBuildPhase section */

/* Begin PBXGroup section */
		ECF8392A2159494900C15580 = {
			isa = PBXGroup;
			children = (
				ECF839352159494900C15580 /* 播放音效 */,
				ECF839342159494900C15580 /* Products */,
			);
			sourceTree = "<group>";
		};
		ECF839342159494900C15580 /* Products */ = {
			isa = PBXGroup;
			children = (
				ECF839332159494900C15580 /* 播放音效.app */,
			);
			name = Products;
			sourceTree = "<group>";
		};
		ECF839352159494900C15580 /* 播放音效 */ = {
			isa = PBXGroup;
			children = (
				ECF8395B2159498200C15580 /* 音乐 */,
				ECF8394C2159497A00C15580 /* 音乐图片素材 */,
				ECF839362159494900C15580 /* AppDelegate.h */,
				ECF839372159494900C15580 /* AppDelegate.m */,
				ECF839392159494900C15580 /* ViewController.h */,
				ECF8393A2159494900C15580 /* ViewController.m */,
				ECF8393C2159494900C15580 /* Main.storyboard */,
				ECF8393F2159494B00C15580 /* Assets.xcassets */,
				ECF839412159494B00C15580 /* LaunchScreen.storyboard */,
				ECF839442159494B00C15580 /* Info.plist */,
				ECF839452159494B00C15580 /* main.m */,
			);
			path = "播放音效";
			sourceTree = "<group>";
		};
		ECF8394C2159497A00C15580 /* 音乐图片素材 */ = {
			isa = PBXGroup;
			children = (
				ECF8394D2159497A00C15580 /* player_btn_play_normal@2x.png */,
				ECF8394E2159497A00C15580 /* player_btn_pause_normal@2x.png */,
				ECF8394F2159497A00C15580 /* parsing_01.png */,
				ECF839502159497A00C15580 /* player_btn_next_normal@2x.png */,
				ECF839512159497A00C15580 /* logo.png */,
				ECF839522159497A00C15580 /* player_btn_pre_normal@2x.png */,
				ECF839532159497A00C15580 /* bg.jpg */,
			);
			path = "音乐图片素材";
			sourceTree = "<group>";
		};
		ECF8395B2159498200C15580 /* 音乐 */ = {
			isa = PBXGroup;
			children = (
				ECF8395C2159498200C15580 /* mySong3.mp3 */,
				ECF8395D2159498200C15580 /* mySong2.mp3 */,
				ECF8395E2159498200C15580 /* mySong1.mp3 */,
			);
			path = "音乐";
			sourceTree = "<group>";
		};
/* End PBXGroup section */

/* Begin PBXNativeTarget section */
		ECF839322159494900C15580 /* 播放音效 */ = {
			isa = PBXNativeTarget;
			buildConfigurationList = ECF839492159494B00C15580 /* Build configuration list for PBXNativeTarget "播放音效" */;
			buildPhases = (
				ECF8392F2159494900C15580 /* Sources */,
				ECF839302159494900C15580 /* Frameworks */,
				ECF839312159494900C15580 /* Resources */,
			);
			buildRules = (
			);
			dependencies = (
			);
			name = "播放音效";
			productName = "播放音效";
			productReference = ECF839332159494900C15580 /* 播放音效.app */;
			productType = "com.apple.product-type.application";
		};
/* End PBXNativeTarget section */

/* Begin PBXProject section */
		ECF8392B2159494900C15580 /* Project object */ = {
			isa = PBXProject;
			attributes = {
				LastUpgradeCheck = 1000;
				ORGANIZATIONNAME = LZ;
				TargetAttributes = {
					ECF839322159494900C15580 = {
						CreatedOnToolsVersion = 10.0;
					};
				};
			};
			buildConfigurationList = ECF8392E2159494900C15580 /* Build configuration list for PBXProject "播放音效" */;
			compatibilityVersion = "Xcode 9.3";
			developmentRegion = en;
			hasScannedForEncodings = 0;
			knownRegions = (
				en,
				Base,
			);
			mainGroup = ECF8392A2159494900C15580;
			productRefGroup = ECF839342159494900C15580 /* Products */;
			projectDirPath = "";
			projectRoot = "";
			targets = (
				ECF839322159494900C15580 /* 播放音效 */,
			);
		};
/* End PBXProject section */

/* Begin PBXResourcesBuildPhase section */
		ECF839312159494900C15580 /* Resources */ = {
			isa = PBXResourcesBuildPhase;
			buildActionMask = 2147483647;
			files = (
				ECF8395A2159497A00C15580 /* bg.jpg in Resources */,
				ECF839432159494B00C15580 /* LaunchScreen.storyboard in Resources */,
				ECF839562159497A00C15580 /* parsing_01.png in Resources */,
				ECF839572159497A00C15580 /* player_btn_next_normal@2x.png in Resources */,
				ECF839552159497A00C15580 /* player_btn_pause_normal@2x.png in Resources */,
				ECF839582159497A00C15580 /* logo.png in Resources */,
				ECF8395F2159498200C15580 /* mySong3.mp3 in Resources */,
				ECF839592159497A00C15580 /* player_btn_pre_normal@2x.png in Resources */,
				ECF839602159498200C15580 /* mySong2.mp3 in Resources */,
				ECF839402159494B00C15580 /* Assets.xcassets in Resources */,
				ECF8393E2159494900C15580 /* Main.storyboard in Resources */,
				ECF839612159498200C15580 /* mySong1.mp3 in Resources */,
				ECF839542159497A00C15580 /* player_btn_play_normal@2x.png in Resources */,
			);
			runOnlyForDeploymentPostprocessing = 0;
		};
/* End PBXResourcesBuildPhase section */

/* Begin PBXSourcesBuildPhase section */
		ECF8392F2159494900C15580 /* Sources */ = {
			isa = PBXSourcesBuildPhase;
			buildActionMask = 2147483647;
			files = (
				ECF8393B2159494900C15580 /* ViewController.m in Sources */,
				ECF839462159494B00C15580 /* main.m in Sources */,
				ECF839382159494900C15580 /* AppDelegate.m in Sources */,
			);
			runOnlyForDeploymentPostprocessing = 0;
		};
/* End PBXSourcesBuildPhase section */

/* Begin PBXVariantGroup section */
		ECF8393C2159494900C15580 /* Main.storyboard */ = {
			isa = PBXVariantGroup;
			children = (
				ECF8393D2159494900C15580 /* Base */,
			);
			name = Main.storyboard;
			sourceTree = "<group>";
		};
		ECF839412159494B00C15580 /* LaunchScreen.storyboard */ = {
			isa = PBXVariantGroup;
			children = (
				ECF839422159494B00C15580 /* Base */,
			);
			name = LaunchScreen.storyboard;
			sourceTree = "<group>";
		};
/* End PBXVariantGroup section */

/* Begin XCBuildConfiguration section */
		ECF839472159494B00C15580 /* Debug */ = {
			isa = XCBuildConfiguration;
			buildSettings = {
				ALWAYS_SEARCH_USER_PATHS = NO;
				CLANG_ANALYZER_NONNULL = YES;
				CLANG_ANALYZER_NUMBER_OBJECT_CONVERSION = YES_AGGRESSIVE;
				CLANG_CXX_LANGUAGE_STANDARD = "gnu++14";
				CLANG_CXX_LIBRARY = "libc++";
				CLANG_ENABLE_MODULES = YES;
				CLANG_ENABLE_OBJC_ARC = YES;
				CLANG_ENABLE_OBJC_WEAK = YES;
				CLANG_WARN_BLOCK_CAPTURE_AUTORELEASING = YES;
				CLANG_WARN_BOOL_CONVERSION = YES;
				CLANG_WARN_COMMA = YES;
				CLANG_WARN_CONSTANT_CONVERSION = YES;
				CLANG_WARN_DEPRECATED_OBJC_IMPLEMENTATIONS = YES;
				CLANG_WARN_DIRECT_OBJC_ISA_USAGE = YES_ERROR;
				CLANG_WARN_DOCUMENTATION_COMMENTS = YES;
				CLANG_WARN_EMPTY_BODY = YES;
				CLANG_WARN_ENUM_CONVERSION = YES;
				CLANG_WARN_INFINITE_RECURSION = YES;
				CLANG_WARN_INT_CONVERSION = YES;
				CLANG_WARN_NON_LITERAL_NULL_CONVERSION = YES;
				CLANG_WARN_OBJC_IMPLICIT_RETAIN_SELF = YES;
				CLANG_WARN_OBJC_LITERAL_CONVERSION = YES;
				CLANG_WARN_OBJC_ROOT_CLASS = YES_ERROR;
				CLANG_WARN_RANGE_LOOP_ANALYSIS = YES;
				CLANG_WARN_STRICT_PROTOTYPES = YES;
				CLANG_WARN_SUSPICIOUS_MOVE = YES;
				CLANG_WARN_UNGUARDED_AVAILABILITY = YES_AGGRESSIVE;
				CLANG_WARN_UNREACHABLE_CODE = YES;
				CLANG_WARN__DUPLICATE_METHOD_MATCH = YES;
				CODE_SIGN_IDENTITY = "iPhone Developer";
				COPY_PHASE_STRIP = NO;
				DEBUG_INFORMATION_FORMAT = dwarf;
				ENABLE_STRICT_OBJC_MSGSEND = YES;
				ENABLE_TESTABILITY = YES;
				GCC_C_LANGUAGE_STANDARD = gnu11;
				GCC_DYNAMIC_NO_PIC = NO;
				GCC_NO_COMMON_BLOCKS = YES;
				GCC_OPTIMIZATION_LEVEL = 0;
				GCC_PREPROCESSOR_DEFINITIONS = (
					"DEBUG=1",
					"$(inherited)",
				);
				GCC_WARN_64_TO_32_BIT_CONVERSION = YES;
				GCC_WARN_ABOUT_RETURN_TYPE = YES_ERROR;
				GCC_WARN_UNDECLARED_SELECTOR = YES;
				GCC_WARN_UNINITIALIZED_AUTOS = YES_AGGRESSIVE;
				GCC_WARN_UNUSED_FUNCTION = YES;
				GCC_WARN_UNUSED_VARIABLE = YES;
				IPHONEOS_DEPLOYMENT_TARGET = 12.0;
				MTL_ENABLE_DEBUG_INFO = INCLUDE_SOURCE;
				MTL_FAST_MATH = YES;
				ONLY_ACTIVE_ARCH = YES;
				SDKROOT = iphoneos;
			};
			name = Debug;
		};
		ECF839482159494B00C15580 /* Release */ = {
			isa = XCBuildConfiguration;
			buildSettings = {
				ALWAYS_SEARCH_USER_PATHS = NO;
				CLANG_ANALYZER_NONNULL = YES;
				CLANG_ANALYZER_NUMBER_OBJECT_CONVERSION = YES_AGGRESSIVE;
				CLANG_CXX_LANGUAGE_STANDARD = "gnu++14";
				CLANG_CXX_LIBRARY = "libc++";
				CLANG_ENABLE_MODULES = YES;
				CLANG_ENABLE_OBJC_ARC = YES;
				CLANG_ENABLE_OBJC_WEAK = YES;
				CLANG_WARN_BLOCK_CAPTURE_AUTORELEASING = YES;
				CLANG_WARN_BOOL_CONVERSION = YES;
				CLANG_WARN_COMMA = YES;
				CLANG_WARN_CONSTANT_CONVERSION = YES;
				CLANG_WARN_DEPRECATED_OBJC_IMPLEMENTATIONS = YES;
				CLANG_WARN_DIRECT_OBJC_ISA_USAGE = YES_ERROR;
				CLANG_WARN_DOCUMENTATION_COMMENTS = YES;
				CLANG_WARN_EMPTY_BODY = YES;
				CLANG_WARN_ENUM_CONVERSION = YES;
				CLANG_WARN_INFINITE_RECURSION = YES;
				CLANG_WARN_INT_CONVERSION = YES;
				CLANG_WARN_NON_LITERAL_NULL_CONVERSION = YES;
				CLANG_WARN_OBJC_IMPLICIT_RETAIN_SELF = YES;
				CLANG_WARN_OBJC_LITERAL_CONVERSION = YES;
				CLANG_WARN_OBJC_ROOT_CLASS = YES_ERROR;
				CLANG_WARN_RANGE_LOOP_ANALYSIS = YES;
				CLANG_WARN_STRICT_PROTOTYPES = YES;
				CLANG_WARN_SUSPICIOUS_MOVE = YES;
				CLANG_WARN_UNGUARDED_AVAILABILITY = YES_AGGRESSIVE;
				CLANG_WARN_UNREACHABLE_CODE = YES;
				CLANG_WARN__DUPLICATE_METHOD_MATCH = YES;
				CODE_SIGN_IDENTITY = "iPhone Developer";
				COPY_PHASE_STRIP = NO;
				DEBUG_INFORMATION_FORMAT = "dwarf-with-dsym";
				ENABLE_NS_ASSERTIONS = NO;
				ENABLE_STRICT_OBJC_MSGSEND = YES;
				GCC_C_LANGUAGE_STANDARD = gnu11;
				GCC_NO_COMMON_BLOCKS = YES;
				GCC_WARN_64_TO_32_BIT_CONVERSION = YES;
				GCC_WARN_ABOUT_RETURN_TYPE = YES_ERROR;
				GCC_WARN_UNDECLARED_SELECTOR = YES;
				GCC_WARN_UNINITIALIZED_AUTOS = YES_AGGRESSIVE;
				GCC_WARN_UNUSED_FUNCTION = YES;
				GCC_WARN_UNUSED_VARIABLE = YES;
				IPHONEOS_DEPLOYMENT_TARGET = 12.0;
				MTL_ENABLE_DEBUG_INFO = NO;
				MTL_FAST_MATH = YES;
				SDKROOT = iphoneos;
				VALIDATE_PRODUCT = YES;
			};
			name = Release;
		};
		ECF8394A2159494B00C15580 /* Debug */ = {
			isa = XCBuildConfiguration;
			buildSettings = {
				ASSETCATALOG_COMPILER_APPICON_NAME = AppIcon;
				CODE_SIGN_STYLE = Automatic;
				DEVELOPMENT_TEAM = PXKRS4XWUT;
				INFOPLIST_FILE = "播放音效/Info.plist";
				LD_RUNPATH_SEARCH_PATHS = (
					"$(inherited)",
					"@executable_path/Frameworks",
				);
				PRODUCT_BUNDLE_IDENTIFIER = "cn.wdq.----";
				PRODUCT_NAME = "$(TARGET_NAME)";
				TARGETED_DEVICE_FAMILY = "1,2";
			};
			name = Debug;
		};
		ECF8394B2159494B00C15580 /* Release */ = {
			isa = XCBuildConfiguration;
			buildSettings = {
				ASSETCATALOG_COMPILER_APPICON_NAME = AppIcon;
				CODE_SIGN_STYLE = Automatic;
				DEVELOPMENT_TEAM = PXKRS4XWUT;
				INFOPLIST_FILE = "播放音效/Info.plist";
				LD_RUNPATH_SEARCH_PATHS = (
					"$(inherited)",
					"@executable_path/Frameworks",
				);
				PRODUCT_BUNDLE_IDENTIFIER = "cn.wdq.----";
				PRODUCT_NAME = "$(TARGET_NAME)";
				TARGETED_DEVICE_FAMILY = "1,2";
			};
			name = Release;
		};
/* End XCBuildConfiguration section */

/* Begin XCConfigurationList section */
		ECF8392E2159494900C15580 /* Build configuration list for PBXProject "播放音效" */ = {
			isa = XCConfigurationList;
			buildConfigurations = (
				ECF839472159494B00C15580 /* Debug */,
				ECF839482159494B00C15580 /* Release */,
			);
			defaultConfigurationIsVisible = 0;
			defaultConfigurationName = Release;
		};
		ECF839492159494B00C15580 /* Build configuration list for PBXNativeTarget "播放音效" */ = {
			isa = XCConfigurationList;
			buildConfigurations = (
				ECF8394A2159494B00C15580 /* Debug */,
				ECF8394B2159494B00C15580 /* Release */,
			);
			defaultConfigurationIsVisible = 0;
			defaultConfigurationName = Release;
		};
/* End XCConfigurationList section */
	};
	rootObject = ECF8392B2159494900C15580 /* Project object */;
}
